// !$*UTF8*$!
{
	archiveVersion = 1;
	classes = {
	};
	objectVersion = 77;
	objects = {

/* Begin PBXBuildFile section */
		0396A929D68CA26490B6A61C /* RuntimeMapView.swift in Sources */ = {isa = PBXBuildFile; fileRef = 7C7C31F10FA16671BF02D7FD /* RuntimeMapView.swift */; };
		03AFE15A53D3DB88F03600C5 /* MarketDataClientTests.swift in Sources */ = {isa = PBXBuildFile; fileRef = CAE4E699C508E7DB80F07F68 /* MarketDataClientTests.swift */; };
		078088C9DE74A7954B56F088 /* GeneratedAppPayload+Symbols.swift in Sources */ = {isa = PBXBuildFile; fileRef = 8FD693A2FC413A0B408B5EBE /* GeneratedAppPayload+Symbols.swift */; };
		07A87FC9B7B1C3E9A044275A /* AISettingsStore.swift in Sources */ = {isa = PBXBuildFile; fileRef = DE034BD862F54586D1BD0D20 /* AISettingsStore.swift */; };
		08500BC9492F15B2518FA97A /* GeneratedAppPayloadTests.swift in Sources */ = {isa = PBXBuildFile; fileRef = CB94299AC43B58ED9279BEA6 /* GeneratedAppPayloadTests.swift */; };
		10A2DA110AF9B8E020865D75 /* CapabilityReviewSheet.swift in Sources */ = {isa = PBXBuildFile; fileRef = 0763A3FD8B8668BD2DF806A4 /* CapabilityReviewSheet.swift */; };
		16A5709C1F059DFB43EA36A4 /* NewsFeedClient.swift in Sources */ = {isa = PBXBuildFile; fileRef = BACA4978774C243301423165 /* NewsFeedClient.swift */; };
		1705378E3546DB6EA905C740 /* DeviceInputServices.swift in Sources */ = {isa = PBXBuildFile; fileRef = 89DE5C7EE85046849A388753 /* DeviceInputServices.swift */; };
		17A22B53524DA88B0588473B /* AppDocumentValidator+Expressions.swift in Sources */ = {isa = PBXBuildFile; fileRef = B8E508365DDE7A501D73D169 /* AppDocumentValidator+Expressions.swift */; };
		17F9317130966AC3CAD089F5 /* KeychainStore.swift in Sources */ = {isa = PBXBuildFile; fileRef = C221CA8FF7C259D6DB5F08BC /* KeychainStore.swift */; };
		19E523F5524C0C2BBB06372A /* RuntimeLogicValidatorTests.swift in Sources */ = {isa = PBXBuildFile; fileRef = 989FCFE6A20CD0A8C47C35E6 /* RuntimeLogicValidatorTests.swift */; };
		1A2383E50BD754D6752AEF77 /* LiveAIGenerationUITests.swift in Sources */ = {isa = PBXBuildFile; fileRef = 491081C584EBF59D3883C8FA /* LiveAIGenerationUITests.swift */; };
		1AD1A5B075F1E994C5983219 /* MarketWatchRuntimeEditors.swift in Sources */ = {isa = PBXBuildFile; fileRef = 19AE405D2249D0D08B1E6B81 /* MarketWatchRuntimeEditors.swift */; };
		2024A4B3EACC041E09923293 /* BuilderView.swift in Sources */ = {isa = PBXBuildFile; fileRef = 3418495898FCC300F9A23526 /* BuilderView.swift */; };
		2025CEF075B5E0E1D14DB929 /* InfoBannerNodeView.swift in Sources */ = {isa = PBXBuildFile; fileRef = 63294D3C4032FCBB2D01C35E /* InfoBannerNodeView.swift */; };
		23308F9C6508621A092373CA /* ExchangeRateClient.swift in Sources */ = {isa = PBXBuildFile; fileRef = 4043E9F6BD1B880F157435DB /* ExchangeRateClient.swift */; };
		25DCEBE61AE9169DE285AF10 /* InteractiveNodeViews.swift in Sources */ = {isa = PBXBuildFile; fileRef = 30621E0FA2F81B1804E2BF68 /* InteractiveNodeViews.swift */; };
		26F5B8545CBD19CAA7192B29 /* OpenAISpeechClientTests.swift in Sources */ = {isa = PBXBuildFile; fileRef = 210433A7C1D9F993865232CF /* OpenAISpeechClientTests.swift */; };
		288EC43514567E1BCFF03B89 /* NativeCapabilityTests.swift in Sources */ = {isa = PBXBuildFile; fileRef = 7B7289A67618511D088F6FFD /* NativeCapabilityTests.swift */; };
		2B4391B055FFE99F5BD07087 /* AISettingsStoreTests.swift in Sources */ = {isa = PBXBuildFile; fileRef = 30BD6ED8D0D4E6490C29443F /* AISettingsStoreTests.swift */; };
		2B5213A9223A937562DD032E /* RuntimeVisualDesign.swift in Sources */ = {isa = PBXBuildFile; fileRef = 0E99919FC054AAF7B0EE6422 /* RuntimeVisualDesign.swift */; };
		2CF3097A8775E7737716E36E /* GameRuntimeModels.swift in Sources */ = {isa = PBXBuildFile; fileRef = 02A5D8A173F496AAFD31FFEF /* GameRuntimeModels.swift */; };
		2E2705FBAA9BB60D04EEE7B5 /* PrivacyInfo.xcprivacy in Resources */ = {isa = PBXBuildFile; fileRef = C4228FEBF204D8491A92E907 /* PrivacyInfo.xcprivacy */; };
		2F27B513A02EADDA034B6D3A /* TaskListRuntimeView.swift in Sources */ = {isa = PBXBuildFile; fileRef = 4A409209338B69C65DCE1041 /* TaskListRuntimeView.swift */; };
		2FFD435694A89C2AFAD7CF17 /* DesignStudioSheet.swift in Sources */ = {isa = PBXBuildFile; fileRef = 6091B1B091BF3DE467935A72 /* DesignStudioSheet.swift */; };
		32E18E6F9FA8C1208C7676F5 /* OpenAIAppGenerationSchemaTests.swift in Sources */ = {isa = PBXBuildFile; fileRef = E73D850BED3D8FFFAFD73AD0 /* OpenAIAppGenerationSchemaTests.swift */; };
		37EDD03AD2AF57B20BA53297 /* RuntimeHostShellUITests.swift in Sources */ = {isa = PBXBuildFile; fileRef = 8621239375EA8EAF93A4B22A /* RuntimeHostShellUITests.swift */; };
		3B640BC751202D6E45251288 /* CapabilityRegistryTests.swift in Sources */ = {isa = PBXBuildFile; fileRef = 681D39AB1078087AC2FF1B81 /* CapabilityRegistryTests.swift */; };
		3C97924C3E4CF5C690FAECAC /* MakeYourIOSApp.swift in Sources */ = {isa = PBXBuildFile; fileRef = DC95B4BA8160F16EACD52757 /* MakeYourIOSApp.swift */; };
		40AD69812A5A6C23244CFAF2 /* LocalAssetStore.swift in Sources */ = {isa = PBXBuildFile; fileRef = 5C2136345C4494895841F7ED /* LocalAssetStore.swift */; };
		4417F89D9008CB80D0175A7C /* CurrencyConverterRuntimeView.swift in Sources */ = {isa = PBXBuildFile; fileRef = F764BBEB619E52D05337A262 /* CurrencyConverterRuntimeView.swift */; };
		4749B95E0C11BF59B86E1DD5 /* DesignStudioCard.swift in Sources */ = {isa = PBXBuildFile; fileRef = CE5C86BA7EF528C0355A8F74 /* DesignStudioCard.swift */; };
		491FDE5BF314C930CDB80CB7 /* NativeCapabilitySpecs.swift in Sources */ = {isa = PBXBuildFile; fileRef = 79641FB32FBFA0A167B3B797 /* NativeCapabilitySpecs.swift */; };
		49290CD0656C1BC09AFC7221 /* RecordCollectionRuntimeView.swift in Sources */ = {isa = PBXBuildFile; fileRef = C7887217B660528C7F5C0A27 /* RecordCollectionRuntimeView.swift */; };
		4AD2F062CCE1B1C4F6609366 /* RecordCollectionRuntimeContent.swift in Sources */ = {isa = PBXBuildFile; fileRef = DDBA03918818FCE2B65E34D6 /* RecordCollectionRuntimeContent.swift */; };
		4BE7DC44A4CD7FB9ADDC5A82 /* TinyGameCompiler.swift in Sources */ = {isa = PBXBuildFile; fileRef = 96339C3BA9FA00A21EF34F84 /* TinyGameCompiler.swift */; };
		4C7F6B5F380137EAA75014E0 /* PageRenderers.swift in Sources */ = {isa = PBXBuildFile; fileRef = 7E3AC215FD4F694083753AF7 /* PageRenderers.swift */; };
		4E5E7E6F2E4A43C4546AC235 /* RecordCollectionEditorView.swift in Sources */ = {isa = PBXBuildFile; fileRef = B0558CD4B608A253B4C8D41D /* RecordCollectionEditorView.swift */; };
		4E815F9FC88D7BE59632D149 /* SampleDocuments+CapabilityShowcase.swift in Sources */ = {isa = PBXBuildFile; fileRef = 15110833F1212115C240C6CF /* SampleDocuments+CapabilityShowcase.swift */; };
		5245C8996049D551409F44CB /* LiveDataListRuntimeSheets.swift in Sources */ = {isa = PBXBuildFile; fileRef = DAE93A150FFC9EA2E789A7B5 /* LiveDataListRuntimeSheets.swift */; };
		54EE59F826B48E587DEB6837 /* NewsFeedClientTests.swift in Sources */ = {isa = PBXBuildFile; fileRef = 3FAB9DA76FCDB7F3FB4317F7 /* NewsFeedClientTests.swift */; };
		5A73458DBBCFAD87D7C6B194 /* SampleDocuments+LogicShowcase.swift in Sources */ = {isa = PBXBuildFile; fileRef = 5A134CE77290219DD55CF110 /* SampleDocuments+LogicShowcase.swift */; };
		5A7ABF3C78F58FFB4DA37A56 /* RuntimeControlNodeView.swift in Sources */ = {isa = PBXBuildFile; fileRef = FA2D2BDE1E6C456D2A0795A2 /* RuntimeControlNodeView.swift */; };
		5B4E77EB9A41D03E065386BF /* LedgerRuntimeView.swift in Sources */ = {isa = PBXBuildFile; fileRef = 1E9DD72083E96BC967CE1A8D /* LedgerRuntimeView.swift */; };
		5C1F767983EF55B9B9A40619 /* AppLibraryView.swift in Sources */ = {isa = PBXBuildFile; fileRef = FDAA587A1979B3FBB36E7DBB /* AppLibraryView.swift */; };
		5CCC402AA37DBF813297C076 /* RendererCatalog.swift in Sources */ = {isa = PBXBuildFile; fileRef = 70E78F3B79C953DB88391BE7 /* RendererCatalog.swift */; };
		5CE4215E9CC33E84C289E2F8 /* ProjectNotificationStore.swift in Sources */ = {isa = PBXBuildFile; fileRef = 577DCE5C54B8BB2D309E24EF /* ProjectNotificationStore.swift */; };
		5F0E5F4BF0DD384B33A473EC /* DesignGenome.swift in Sources */ = {isa = PBXBuildFile; fileRef = DBF6E4235679EF75ECB0B415 /* DesignGenome.swift */; };
		62131BE0183D631B200F9534 /* WorkspaceProject.swift in Sources */ = {isa = PBXBuildFile; fileRef = A4A018F00CFAA9AE97CB3572 /* WorkspaceProject.swift */; };
		62558D201BA886A88F47DD8A /* PrivacySafetyView.swift in Sources */ = {isa = PBXBuildFile; fileRef = 4F350760F005C2558C5F4D19 /* PrivacySafetyView.swift */; };
		626459FF138F44D9C577DF77 /* DesignStudioUITests.swift in Sources */ = {isa = PBXBuildFile; fileRef = 71CDD848D6242EE8B9B7DDFC /* DesignStudioUITests.swift */; };
		62FA73EE12C71CDADA65F9EE /* RuntimeDesignContext.swift in Sources */ = {isa = PBXBuildFile; fileRef = DE1C1869688C943EA135498D /* RuntimeDesignContext.swift */; };
		633587F53B04FB780D5E4232 /* RuntimeLogicEngine+Values.swift in Sources */ = {isa = PBXBuildFile; fileRef = BBAAA8907E2AABF5B164AA41 /* RuntimeLogicEngine+Values.swift */; };
		653CEF7D1D963B3A44353937 /* LiveDataListRuntimeView.swift in Sources */ = {isa = PBXBuildFile; fileRef = DC6DEA8AF84135B76011279D /* LiveDataListRuntimeView.swift */; };
		655DB999B9682FC7256728F2 /* TinyGameCompilerTests.swift in Sources */ = {isa = PBXBuildFile; fileRef = 44EBDD242EB077FD81CD0508 /* TinyGameCompilerTests.swift */; };
		680F86FF9BCF206BD843C951 /* BasicNodeViews.swift in Sources */ = {isa = PBXBuildFile; fileRef = FCBE05BF2AEFB2D031C14BB6 /* BasicNodeViews.swift */; };
		697A910FEAB1B23B2DDB9D70 /* OpenAIAppGenerationClient.swift in Sources */ = {isa = PBXBuildFile; fileRef = 805778B768F0DACFB13ACC74 /* OpenAIAppGenerationClient.swift */; };
		69DC8DCD8060BBACB89A31E1 /* OpenAIAppGenerationSchema.swift in Sources */ = {isa = PBXBuildFile; fileRef = 94EFF5352A6D0B75D735B297 /* OpenAIAppGenerationSchema.swift */; };
		6CF6EB75B2D21EC7ABCB68AA /* TinyGameProgramTests.swift in Sources */ = {isa = PBXBuildFile; fileRef = 83D4B62251DBA370040490EA /* TinyGameProgramTests.swift */; };
		6FC477F21954A68EA231355B /* GeneratedAppPayloadTestFixtures.swift in Sources */ = {isa = PBXBuildFile; fileRef = 25A495929E240A143F54B16D /* GeneratedAppPayloadTestFixtures.swift */; };
		701868489A7999A19B94042B /* RuntimeDocumentExportCodec.swift in Sources */ = {isa = PBXBuildFile; fileRef = 68798CD915B5CB60115EF6D7 /* RuntimeDocumentExportCodec.swift */; };
		705FF3CF91C38D07F5711B87 /* RuntimeLogicEngine.swift in Sources */ = {isa = PBXBuildFile; fileRef = 4B78BDDF23977D75C9013177 /* RuntimeLogicEngine.swift */; };
		71B9AB3FE2311642E173AE5E /* RuntimeSessionStateTests.swift in Sources */ = {isa = PBXBuildFile; fileRef = 31A77D588EE0F3D051029E4D /* RuntimeSessionStateTests.swift */; };
		73ADD2E3DB4883AAD23F8404 /* AppCapability.swift in Sources */ = {isa = PBXBuildFile; fileRef = 10B3939FA0BA6CC5D28F7CF2 /* AppCapability.swift */; };
		7D305C86DF54A4BA0687A465 /* APIKeySettingsView.swift in Sources */ = {isa = PBXBuildFile; fileRef = 19FEA72A250408435C7EC02F /* APIKeySettingsView.swift */; };
		7EC064AE7F50F050BC92D7F3 /* OpenAISpeechClient.swift in Sources */ = {isa = PBXBuildFile; fileRef = 5E18181F880B5BC042C1A75E /* OpenAISpeechClient.swift */; };
		7FC97ECED021F43C067A67CA /* OpenAITextCompletionClient.swift in Sources */ = {isa = PBXBuildFile; fileRef = 21D2F33F83B2038A38D2FC7B /* OpenAITextCompletionClient.swift */; };
		80515C2D9E0646B1DFA07C4E /* RuntimeDocumentExportView.swift in Sources */ = {isa = PBXBuildFile; fileRef = 71931717918548E0D11283AD /* RuntimeDocumentExportView.swift */; };
		810C06DED0D3C75D7F9D9979 /* WorkspaceStoreTests.swift in Sources */ = {isa = PBXBuildFile; fileRef = 97E2CB252C04E1ADE43552F1 /* WorkspaceStoreTests.swift */; };
		8201D6D28FDEF9AC6A55CCF6 /* ExpandedAppDocumentValidatorTests.swift in Sources */ = {isa = PBXBuildFile; fileRef = B5E397E62C9A5046BDFF905B /* ExpandedAppDocumentValidatorTests.swift */; };
		84224DDB59292836917FD493 /* ExchangeRateClientTests.swift in Sources */ = {isa = PBXBuildFile; fileRef = B7433FB4C5DF0D7F0C321DD6 /* ExchangeRateClientTests.swift */; };
		848E08F3F0BA89DA2B411167 /* DeviceInputCaptureSheets.swift in Sources */ = {isa = PBXBuildFile; fileRef = CCD79BCDDD8A8C6A8F615039 /* DeviceInputCaptureSheets.swift */; };
		8555FAAEC31AE6619BB552D3 /* UniversalRuntimeIntegrationTests.swift in Sources */ = {isa = PBXBuildFile; fileRef = 0B7E211C7F19DF81C4492240 /* UniversalRuntimeIntegrationTests.swift */; };
		885A5F72001F5AE9113441F7 /* TinyGameTestFixtures.swift in Sources */ = {isa = PBXBuildFile; fileRef = 655CC8966FBDFDA38CE6075D /* TinyGameTestFixtures.swift */; };
		88C0FCC3BB8B557AC8AD8B69 /* RuntimeCalendarEventView.swift in Sources */ = {isa = PBXBuildFile; fileRef = EE2B86ACB653F1CF63563A6E /* RuntimeCalendarEventView.swift */; };
		8BC8B28CE54CB63019AECA2D /* ProjectRuntimeStateStore.swift in Sources */ = {isa = PBXBuildFile; fileRef = E7A979949DBA62CF0AF9A9A5 /* ProjectRuntimeStateStore.swift */; };
		8CB0FE867FABD7A3E84CEFC9 /* RuntimeValueCodec.swift in Sources */ = {isa = PBXBuildFile; fileRef = 477251A1F9977FA48A846481 /* RuntimeValueCodec.swift */; };
		8E85C1E452099D9B3B2D6EE9 /* RuntimeCollectionNodeView.swift in Sources */ = {isa = PBXBuildFile; fileRef = 70E93ED7F8BD57A8DE635D7E /* RuntimeCollectionNodeView.swift */; };
		9120E1D1AFF9CEEBF4DA95E4 /* LocalAssetStoreTests.swift in Sources */ = {isa = PBXBuildFile; fileRef = 8FC4A61DC2296F557D81EC77 /* LocalAssetStoreTests.swift */; };
		91CB20F7547FD46F66152059 /* DemoTTSExportCoordinator.swift in Sources */ = {isa = PBXBuildFile; fileRef = 7355420FC2070E813C13BE34 /* DemoTTSExportCoordinator.swift */; };
		93BC0036DBF69E1358723585 /* RuntimeSessionState.swift in Sources */ = {isa = PBXBuildFile; fileRef = 96BC080C4FB10746F658C0C7 /* RuntimeSessionState.swift */; };
		955EC56946D11CBC6BA01C36 /* RuntimeDesignV2Tests.swift in Sources */ = {isa = PBXBuildFile; fileRef = ED978A227F8540FC0D407E27 /* RuntimeDesignV2Tests.swift */; };
		96A7243E1F3C5BC22ABEE31B /* AppDocumentValidator+Content.swift in Sources */ = {isa = PBXBuildFile; fileRef = B36602658022DA13E9F31059 /* AppDocumentValidator+Content.swift */; };
		97EBB2B72807DC333654E331 /* TinyGameRuntimeView.swift in Sources */ = {isa = PBXBuildFile; fileRef = 160733C280FAB06AC64E0E64 /* TinyGameRuntimeView.swift */; };
		98CE8027B832AF1B64A41018 /* SampleDocuments+CustomGame.swift in Sources */ = {isa = PBXBuildFile; fileRef = A2C305638B7012AC8F9C2E03 /* SampleDocuments+CustomGame.swift */; };
		9D3129390B62ED0211986546 /* MarketDataClient.swift in Sources */ = {isa = PBXBuildFile; fileRef = 7A4BD1F8A1EB194EA68FFD76 /* MarketDataClient.swift */; };
		9F4AE5C3936F9AA46B547400 /* AppDocument.swift in Sources */ = {isa = PBXBuildFile; fileRef = 480E7D75FB6E29ADE7E1DA73 /* AppDocument.swift */; };
		9F4F9188FDF175256977F920 /* ImageNodeView.swift in Sources */ = {isa = PBXBuildFile; fileRef = B025F14A9DB6609CD5210826 /* ImageNodeView.swift */; };
		9FAB0162DE300E6A30C1A8F9 /* VisualDesignTests.swift in Sources */ = {isa = PBXBuildFile; fileRef = EC91C9424D0C68FFD008225F /* VisualDesignTests.swift */; };
		A27CD318D95F9DEB986C0FC8 /* NewsFeedRuntimeView.swift in Sources */ = {isa = PBXBuildFile; fileRef = 723B965D118981D5D54D17C5 /* NewsFeedRuntimeView.swift */; };
		A376BB5726B65591ABB72373 /* MarketWatchRuntimeView.swift in Sources */ = {isa = PBXBuildFile; fileRef = C1D12F74B6ED9EBD58961536 /* MarketWatchRuntimeView.swift */; };
		A3AFA0562C678CC7A17F75BB /* OpenAIAppGenerationSchema+TinyGame.swift in Sources */ = {isa = PBXBuildFile; fileRef = F325913F94B70FADCBB45BD0 /* OpenAIAppGenerationSchema+TinyGame.swift */; };
		A4F91DD9DDA37005B63AC9B5 /* OpenAIAppGenerationClientTests.swift in Sources */ = {isa = PBXBuildFile; fileRef = 648ECAEE4A9B1DDB5F43C2E5 /* OpenAIAppGenerationClientTests.swift */; };
		A718690D44D67C92F151DD88 /* Assets.xcassets in Resources */ = {isa = PBXBuildFile; fileRef = 8D7A72865790F21439F56011 /* Assets.xcassets */; };
		A78339DB7DEBE09A3E23CF9C /* WorkspaceStore.swift in Sources */ = {isa = PBXBuildFile; fileRef = C68FD2278BF44586EB258886 /* WorkspaceStore.swift */; };
		A7E19E591BFF3B98CE56ED81 /* AppCapabilityResolver.swift in Sources */ = {isa = PBXBuildFile; fileRef = 0E3AF0C390181185ABCDE22B /* AppCapabilityResolver.swift */; };
		A811A3C39C119B98509ED967 /* AppDocumentDesignMergerTests.swift in Sources */ = {isa = PBXBuildFile; fileRef = 48B22B211C3240FF8A888A99 /* AppDocumentDesignMergerTests.swift */; };
		AB0AD8D0F91B87963CF9B6E3 /* MakeYourTheme.swift in Sources */ = {isa = PBXBuildFile; fileRef = 67CD04128B0AA0A2ABA2798D /* MakeYourTheme.swift */; };
		AF2166B1AA136684FE6AB92F /* VisualDesign.swift in Sources */ = {isa = PBXBuildFile; fileRef = B16BC73AAF4FD84308A85932 /* VisualDesign.swift */; };
		B6312C54F29F88B05F72A349 /* ProjectRuntimeStateStoreTests.swift in Sources */ = {isa = PBXBuildFile; fileRef = F373E177299BC96BB5F12299 /* ProjectRuntimeStateStoreTests.swift */; };
		B7E303CCC72C2247DB643994 /* LedgerRuntimeModels.swift in Sources */ = {isa = PBXBuildFile; fileRef = 38B8E26DCE5656BF60B5446B /* LedgerRuntimeModels.swift */; };
		B8BF3E6A9FE5B55D4E7D9946 /* GeneratedAppPayload.swift in Sources */ = {isa = PBXBuildFile; fileRef = 94970B43E9AFD028878AB8D2 /* GeneratedAppPayload.swift */; };
		BA4415B6F5A534E27E6E8A9D /* GeneratedAppPayload+Logic.swift in Sources */ = {isa = PBXBuildFile; fileRef = CE90C0B96C3016F8D4C67334 /* GeneratedAppPayload+Logic.swift */; };
		BC538FC8032168ED27B9CB77 /* UniversalRuntimeUITests.swift in Sources */ = {isa = PBXBuildFile; fileRef = 09EC10132C94F25AF3BF5DC4 /* UniversalRuntimeUITests.swift */; };
		BEA0EC83A92C2EB2C02A98F5 /* GeneratedAppPayload+DTO.swift in Sources */ = {isa = PBXBuildFile; fileRef = 41CEA34A4E2A4CF7E767C19A /* GeneratedAppPayload+DTO.swift */; };
		C07FD46418E6A4244D4BBFBF /* GameRuntimeModelsTests.swift in Sources */ = {isa = PBXBuildFile; fileRef = 4959A0AB64FE92A2A9ED39BB /* GameRuntimeModelsTests.swift */; };
		C0AB028E1CE14A943F67BED0 /* AppDocumentValidator+Logic.swift in Sources */ = {isa = PBXBuildFile; fileRef = 50193B1370700FF07C383289 /* AppDocumentValidator+Logic.swift */; };
		C1F6A5A7E2097B2149E6806A /* AITextRuntimeView.swift in Sources */ = {isa = PBXBuildFile; fileRef = 2926189176256044CB681027 /* AITextRuntimeView.swift */; };
		C2EEFB374F3E4C19B624585C /* RuntimeLogicEngineTests.swift in Sources */ = {isa = PBXBuildFile; fileRef = 2D9B17B7D175702D4D80A1BE /* RuntimeLogicEngineTests.swift */; };
		C35BAD9753F53B11507A26E9 /* GeneratedAppPayload+Design.swift in Sources */ = {isa = PBXBuildFile; fileRef = ED63E9C5052E7E1DDC5386D3 /* GeneratedAppPayload+Design.swift */; };
		C7F04FB121FC9D4D26E29C07 /* AppDocumentDesignMerger.swift in Sources */ = {isa = PBXBuildFile; fileRef = 4345F72E2755095A6E3E8C0E /* AppDocumentDesignMerger.swift */; };
		CA1A7EC225E649117FF60DD2 /* LedgerEditorView.swift in Sources */ = {isa = PBXBuildFile; fileRef = 4EF47F1DE3C67B4F17A84BFC /* LedgerEditorView.swift */; };
		CA69D61A1046DCB3E2CAD4C4 /* SampleDocuments+Muse.swift in Sources */ = {isa = PBXBuildFile; fileRef = 18B505428D1AE184E9A88448 /* SampleDocuments+Muse.swift */; };
		CB56EDBC5114395D781A7743 /* AppDocumentValidatorTests.swift in Sources */ = {isa = PBXBuildFile; fileRef = B6ED96709E7B8E767DDB25A0 /* AppDocumentValidatorTests.swift */; };
		CBA6949319C25C973030785A /* KeychainStoreTests.swift in Sources */ = {isa = PBXBuildFile; fileRef = 7A1512747AC8C6BF53A3B68F /* KeychainStoreTests.swift */; };
		CD8C2310E5A0B813E04D743D /* TinyGameProgram.swift in Sources */ = {isa = PBXBuildFile; fileRef = C5FB1A53FA629966BD01CB21 /* TinyGameProgram.swift */; };
		CDBF8DD662CD0FEC197D9098 /* NativeRuntimeUITests.swift in Sources */ = {isa = PBXBuildFile; fileRef = AC3F9B2D0D006BE711E83BA5 /* NativeRuntimeUITests.swift */; };
		CF19656B3E910EB999ECB256 /* SampleDocuments.swift in Sources */ = {isa = PBXBuildFile; fileRef = 5D934679BB94771158FAE7C7 /* SampleDocuments.swift */; };
		D084B0CF0747CF302339D5F5 /* SampleDocuments+DeviceLab.swift in Sources */ = {isa = PBXBuildFile; fileRef = 3F97CDC3D4B6F382B2E6B1E9 /* SampleDocuments+DeviceLab.swift */; };
		D19EA03A4A6D6DB1EB7B0543 /* AppDocumentValidator.swift in Sources */ = {isa = PBXBuildFile; fileRef = 8FB6A3B7536D9FF36E40FAF1 /* AppDocumentValidator.swift */; };
		D2DCA2560433C2D0EF67B969 /* LedgerRuntimeTests.swift in Sources */ = {isa = PBXBuildFile; fileRef = 20A07498499E73D819A7E5EE /* LedgerRuntimeTests.swift */; };
		D55320CBCF63A7122D11D366 /* ComponentRenderer.swift in Sources */ = {isa = PBXBuildFile; fileRef = A8E01D441C434C4906324BF0 /* ComponentRenderer.swift */; };
		D634DF42A6F793299EEFCF10 /* GameRuntimeUITests.swift in Sources */ = {isa = PBXBuildFile; fileRef = 64D4E8274133797830F984AD /* GameRuntimeUITests.swift */; };
		DC658BC95434B7C0E5D28535 /* DesignGenerationReviewSheet.swift in Sources */ = {isa = PBXBuildFile; fileRef = 4411A1C51712DFDC23F2BB4B /* DesignGenerationReviewSheet.swift */; };
		DD361CB8990B138B3676682C /* AppRuntimeView.swift in Sources */ = {isa = PBXBuildFile; fileRef = 29BDB8363D48E1C0FC956511 /* AppRuntimeView.swift */; };
		DE219B9BE2938414E7F72431 /* GeneratedCapabilityPayloadTests.swift in Sources */ = {isa = PBXBuildFile; fileRef = 2327A94A835DEF3E2CA993F9 /* GeneratedCapabilityPayloadTests.swift */; };
		DF7E7E1D1054F0BDD1BF9BAC /* TinyGameEngine.swift in Sources */ = {isa = PBXBuildFile; fileRef = 8926CF17C5F0D10BE12FF7D4 /* TinyGameEngine.swift */; };
		E267E85F86A7FC1A5C171420 /* NewsFeedRuntimeComponents.swift in Sources */ = {isa = PBXBuildFile; fileRef = 537F232FA0F774973EAC4696 /* NewsFeedRuntimeComponents.swift */; };
		E301BE47CF6F2E1F3F390820 /* PageLayoutEngine.swift in Sources */ = {isa = PBXBuildFile; fileRef = 2AFAFA00EA0B42B5A35D179B /* PageLayoutEngine.swift */; };
		E32763A690FF76295D63D792 /* RootView.swift in Sources */ = {isa = PBXBuildFile; fileRef = 805C794F032703BD6A3EA517 /* RootView.swift */; };
		E367685E796B108CDC4F3114 /* CapabilityRegistry.swift in Sources */ = {isa = PBXBuildFile; fileRef = 66CE55CA037258C452392964 /* CapabilityRegistry.swift */; };
		E7C825422099CDACAB97E40D /* ImmersiveAppHostView.swift in Sources */ = {isa = PBXBuildFile; fileRef = 7D1D7ED7B4201AA57C1102DE /* ImmersiveAppHostView.swift */; };
		E8967793B828DAFC5910F6D7 /* RuntimeLogic.swift in Sources */ = {isa = PBXBuildFile; fileRef = D081728D3F0E7A77BF9EC268 /* RuntimeLogic.swift */; };
		EB2FD9D5AF8AA66AFBBCA7D7 /* CurrencyCalculatorTests.swift in Sources */ = {isa = PBXBuildFile; fileRef = 3AE5D61A1CF8BA64EA9B0D79 /* CurrencyCalculatorTests.swift */; };
		F3C424EFEB951A38B2CF1D29 /* DeviceInputRuntimeView.swift in Sources */ = {isa = PBXBuildFile; fileRef = 0F260210473F4059AEE00107 /* DeviceInputRuntimeView.swift */; };
		F705848727C1596D29938470 /* SampleDocuments+GeneratedDemos.swift in Sources */ = {isa = PBXBuildFile; fileRef = 57DCCF561968942C80092D6A /* SampleDocuments+GeneratedDemos.swift */; };
		F7210913FCCB18DDB4039CCC /* AIRequestConfirmationView.swift in Sources */ = {isa = PBXBuildFile; fileRef = DBF082A5EC8C2020DA3C941A /* AIRequestConfirmationView.swift */; };
		F84C8D7B3F5F905DD958E648 /* OpenAITextCompletionClientTests.swift in Sources */ = {isa = PBXBuildFile; fileRef = 67D4840BA05DF53664588B14 /* OpenAITextCompletionClientTests.swift */; };
		FA10B9675E41E5C5F77D0F87 /* TinyGameEngineTests.swift in Sources */ = {isa = PBXBuildFile; fileRef = A83E7F3982149D0B0AFB3BB9 /* TinyGameEngineTests.swift */; };
		FA41B5C2EEF8AD719D3C6CB3 /* LiveDataListRuntimeContent.swift in Sources */ = {isa = PBXBuildFile; fileRef = 90CE496E50FA7F66865BF443 /* LiveDataListRuntimeContent.swift */; };
		FA624B6FB2C3E11C8064AB6D /* MarketWatchRuntimeComponents.swift in Sources */ = {isa = PBXBuildFile; fileRef = CB908FB6A7C28B4A609AE3C2 /* MarketWatchRuntimeComponents.swift */; };
		FD5250D7F248DAC918381B75 /* GameRuntimeView.swift in Sources */ = {isa = PBXBuildFile; fileRef = 5DED23C7601BE30C16180BB2 /* GameRuntimeView.swift */; };
		FFCB8FD31EF279D84A918AF3 /* LiveDataListRuntimeActions.swift in Sources */ = {isa = PBXBuildFile; fileRef = 3D9F123108F92E00FFD4AFAF /* LiveDataListRuntimeActions.swift */; };
/* End PBXBuildFile section */

/* Begin PBXContainerItemProxy section */
		C71C5DA6D0953020517C585D /* PBXContainerItemProxy */ = {
			isa = PBXContainerItemProxy;
			containerPortal = 5375D3757327FDCBAC83484E /* Project object */;
			proxyType = 1;
			remoteGlobalIDString = C9428BB1EA1809B5BA2AD5C6;
			remoteInfo = MakeYourIOS;
		};
		EC7B38A78B0F4B0D0A86C587 /* PBXContainerItemProxy */ = {
			isa = PBXContainerItemProxy;
			containerPortal = 5375D3757327FDCBAC83484E /* Project object */;
			proxyType = 1;
			remoteGlobalIDString = C9428BB1EA1809B5BA2AD5C6;
			remoteInfo = MakeYourIOS;
		};
/* End PBXContainerItemProxy section */

/* Begin PBXFileReference section */
		02A5D8A173F496AAFD31FFEF /* GameRuntimeModels.swift */ = {isa = PBXFileReference; lastKnownFileType = sourcecode.swift; path = GameRuntimeModels.swift; sourceTree = "<group>"; };
		0763A3FD8B8668BD2DF806A4 /* CapabilityReviewSheet.swift */ = {isa = PBXFileReference; lastKnownFileType = sourcecode.swift; path = CapabilityReviewSheet.swift; sourceTree = "<group>"; };
		0899C09D3613BA6C64B7B43A /* MakeYourIOS.app */ = {isa = PBXFileReference; includeInIndex = 0; lastKnownFileType = wrapper.application; path = MakeYourIOS.app; sourceTree = BUILT_PRODUCTS_DIR; };
		09EC10132C94F25AF3BF5DC4 /* UniversalRuntimeUITests.swift */ = {isa = PBXFileReference; lastKnownFileType = sourcecode.swift; path = UniversalRuntimeUITests.swift; sourceTree = "<group>"; };
		0B7E211C7F19DF81C4492240 /* UniversalRuntimeIntegrationTests.swift */ = {isa = PBXFileReference; lastKnownFileType = sourcecode.swift; path = UniversalRuntimeIntegrationTests.swift; sourceTree = "<group>"; };
		0E3AF0C390181185ABCDE22B /* AppCapabilityResolver.swift */ = {isa = PBXFileReference; lastKnownFileType = sourcecode.swift; path = AppCapabilityResolver.swift; sourceTree = "<group>"; };
		0E99919FC054AAF7B0EE6422 /* RuntimeVisualDesign.swift */ = {isa = PBXFileReference; lastKnownFileType = sourcecode.swift; path = RuntimeVisualDesign.swift; sourceTree = "<group>"; };
		0F260210473F4059AEE00107 /* DeviceInputRuntimeView.swift */ = {isa = PBXFileReference; lastKnownFileType = sourcecode.swift; path = DeviceInputRuntimeView.swift; sourceTree = "<group>"; };
		10B3939FA0BA6CC5D28F7CF2 /* AppCapability.swift */ = {isa = PBXFileReference; lastKnownFileType = sourcecode.swift; path = AppCapability.swift; sourceTree = "<group>"; };
		15110833F1212115C240C6CF /* SampleDocuments+CapabilityShowcase.swift */ = {isa = PBXFileReference; lastKnownFileType = sourcecode.swift; path = "SampleDocuments+CapabilityShowcase.swift"; sourceTree = "<group>"; };
		160733C280FAB06AC64E0E64 /* TinyGameRuntimeView.swift */ = {isa = PBXFileReference; lastKnownFileType = sourcecode.swift; path = TinyGameRuntimeView.swift; sourceTree = "<group>"; };
		18B505428D1AE184E9A88448 /* SampleDocuments+Muse.swift */ = {isa = PBXFileReference; lastKnownFileType = sourcecode.swift; path = "SampleDocuments+Muse.swift"; sourceTree = "<group>"; };
		19AE405D2249D0D08B1E6B81 /* MarketWatchRuntimeEditors.swift */ = {isa = PBXFileReference; lastKnownFileType = sourcecode.swift; path = MarketWatchRuntimeEditors.swift; sourceTree = "<group>"; };
		19FEA72A250408435C7EC02F /* APIKeySettingsView.swift */ = {isa = PBXFileReference; lastKnownFileType = sourcecode.swift; path = APIKeySettingsView.swift; sourceTree = "<group>"; };
		1E9DD72083E96BC967CE1A8D /* LedgerRuntimeView.swift */ = {isa = PBXFileReference; lastKnownFileType = sourcecode.swift; path = LedgerRuntimeView.swift; sourceTree = "<group>"; };
		20A07498499E73D819A7E5EE /* LedgerRuntimeTests.swift */ = {isa = PBXFileReference; lastKnownFileType = sourcecode.swift; path = LedgerRuntimeTests.swift; sourceTree = "<group>"; };
		210433A7C1D9F993865232CF /* OpenAISpeechClientTests.swift */ = {isa = PBXFileReference; lastKnownFileType = sourcecode.swift; path = OpenAISpeechClientTests.swift; sourceTree = "<group>"; };
		21D2F33F83B2038A38D2FC7B /* OpenAITextCompletionClient.swift */ = {isa = PBXFileReference; lastKnownFileType = sourcecode.swift; path = OpenAITextCompletionClient.swift; sourceTree = "<group>"; };
		2327A94A835DEF3E2CA993F9 /* GeneratedCapabilityPayloadTests.swift */ = {isa = PBXFileReference; lastKnownFileType = sourcecode.swift; path = GeneratedCapabilityPayloadTests.swift; sourceTree = "<group>"; };
		25A495929E240A143F54B16D /* GeneratedAppPayloadTestFixtures.swift */ = {isa = PBXFileReference; lastKnownFileType = sourcecode.swift; path = GeneratedAppPayloadTestFixtures.swift; sourceTree = "<group>"; };
		2926189176256044CB681027 /* AITextRuntimeView.swift */ = {isa = PBXFileReference; lastKnownFileType = sourcecode.swift; path = AITextRuntimeView.swift; sourceTree = "<group>"; };
		29BDB8363D48E1C0FC956511 /* AppRuntimeView.swift */ = {isa = PBXFileReference; lastKnownFileType = sourcecode.swift; path = AppRuntimeView.swift; sourceTree = "<group>"; };
		2AFAFA00EA0B42B5A35D179B /* PageLayoutEngine.swift */ = {isa = PBXFileReference; lastKnownFileType = sourcecode.swift; path = PageLayoutEngine.swift; sourceTree = "<group>"; };
		2D9B17B7D175702D4D80A1BE /* RuntimeLogicEngineTests.swift */ = {isa = PBXFileReference; lastKnownFileType = sourcecode.swift; path = RuntimeLogicEngineTests.swift; sourceTree = "<group>"; };
		30621E0FA2F81B1804E2BF68 /* InteractiveNodeViews.swift */ = {isa = PBXFileReference; lastKnownFileType = sourcecode.swift; path = InteractiveNodeViews.swift; sourceTree = "<group>"; };
		30BD6ED8D0D4E6490C29443F /* AISettingsStoreTests.swift */ = {isa = PBXFileReference; lastKnownFileType = sourcecode.swift; path = AISettingsStoreTests.swift; sourceTree = "<group>"; };
		31A77D588EE0F3D051029E4D /* RuntimeSessionStateTests.swift */ = {isa = PBXFileReference; lastKnownFileType = sourcecode.swift; path = RuntimeSessionStateTests.swift; sourceTree = "<group>"; };
		3418495898FCC300F9A23526 /* BuilderView.swift */ = {isa = PBXFileReference; lastKnownFileType = sourcecode.swift; path = BuilderView.swift; sourceTree = "<group>"; };
		38B8E26DCE5656BF60B5446B /* LedgerRuntimeModels.swift */ = {isa = PBXFileReference; lastKnownFileType = sourcecode.swift; path = LedgerRuntimeModels.swift; sourceTree = "<group>"; };
		3AE5D61A1CF8BA64EA9B0D79 /* CurrencyCalculatorTests.swift */ = {isa = PBXFileReference; lastKnownFileType = sourcecode.swift; path = CurrencyCalculatorTests.swift; sourceTree = "<group>"; };
		3D9F123108F92E00FFD4AFAF /* LiveDataListRuntimeActions.swift */ = {isa = PBXFileReference; lastKnownFileType = sourcecode.swift; path = LiveDataListRuntimeActions.swift; sourceTree = "<group>"; };
		3F97CDC3D4B6F382B2E6B1E9 /* SampleDocuments+DeviceLab.swift */ = {isa = PBXFileReference; lastKnownFileType = sourcecode.swift; path = "SampleDocuments+DeviceLab.swift"; sourceTree = "<group>"; };
		3FAB9DA76FCDB7F3FB4317F7 /* NewsFeedClientTests.swift */ = {isa = PBXFileReference; lastKnownFileType = sourcecode.swift; path = NewsFeedClientTests.swift; sourceTree = "<group>"; };
		4043E9F6BD1B880F157435DB /* ExchangeRateClient.swift */ = {isa = PBXFileReference; lastKnownFileType = sourcecode.swift; path = ExchangeRateClient.swift; sourceTree = "<group>"; };
		41CEA34A4E2A4CF7E767C19A /* GeneratedAppPayload+DTO.swift */ = {isa = PBXFileReference; lastKnownFileType = sourcecode.swift; path = "GeneratedAppPayload+DTO.swift"; sourceTree = "<group>"; };
		4345F72E2755095A6E3E8C0E /* AppDocumentDesignMerger.swift */ = {isa = PBXFileReference; lastKnownFileType = sourcecode.swift; path = AppDocumentDesignMerger.swift; sourceTree = "<group>"; };
		4411A1C51712DFDC23F2BB4B /* DesignGenerationReviewSheet.swift */ = {isa = PBXFileReference; lastKnownFileType = sourcecode.swift; path = DesignGenerationReviewSheet.swift; sourceTree = "<group>"; };
		44EBDD242EB077FD81CD0508 /* TinyGameCompilerTests.swift */ = {isa = PBXFileReference; lastKnownFileType = sourcecode.swift; path = TinyGameCompilerTests.swift; sourceTree = "<group>"; };
		477251A1F9977FA48A846481 /* RuntimeValueCodec.swift */ = {isa = PBXFileReference; lastKnownFileType = sourcecode.swift; path = RuntimeValueCodec.swift; sourceTree = "<group>"; };
		480E7D75FB6E29ADE7E1DA73 /* AppDocument.swift */ = {isa = PBXFileReference; lastKnownFileType = sourcecode.swift; path = AppDocument.swift; sourceTree = "<group>"; };
		48B22B211C3240FF8A888A99 /* AppDocumentDesignMergerTests.swift */ = {isa = PBXFileReference; lastKnownFileType = sourcecode.swift; path = AppDocumentDesignMergerTests.swift; sourceTree = "<group>"; };
		491081C584EBF59D3883C8FA /* LiveAIGenerationUITests.swift */ = {isa = PBXFileReference; lastKnownFileType = sourcecode.swift; path = LiveAIGenerationUITests.swift; sourceTree = "<group>"; };
		4959A0AB64FE92A2A9ED39BB /* GameRuntimeModelsTests.swift */ = {isa = PBXFileReference; lastKnownFileType = sourcecode.swift; path = GameRuntimeModelsTests.swift; sourceTree = "<group>"; };
		4A409209338B69C65DCE1041 /* TaskListRuntimeView.swift */ = {isa = PBXFileReference; lastKnownFileType = sourcecode.swift; path = TaskListRuntimeView.swift; sourceTree = "<group>"; };
		4B78BDDF23977D75C9013177 /* RuntimeLogicEngine.swift */ = {isa = PBXFileReference; lastKnownFileType = sourcecode.swift; path = RuntimeLogicEngine.swift; sourceTree = "<group>"; };
		4EF47F1DE3C67B4F17A84BFC /* LedgerEditorView.swift */ = {isa = PBXFileReference; lastKnownFileType = sourcecode.swift; path = LedgerEditorView.swift; sourceTree = "<group>"; };
		4F350760F005C2558C5F4D19 /* PrivacySafetyView.swift */ = {isa = PBXFileReference; lastKnownFileType = sourcecode.swift; path = PrivacySafetyView.swift; sourceTree = "<group>"; };
		50193B1370700FF07C383289 /* AppDocumentValidator+Logic.swift */ = {isa = PBXFileReference; lastKnownFileType = sourcecode.swift; path = "AppDocumentValidator+Logic.swift"; sourceTree = "<group>"; };
		537F232FA0F774973EAC4696 /* NewsFeedRuntimeComponents.swift */ = {isa = PBXFileReference; lastKnownFileType = sourcecode.swift; path = NewsFeedRuntimeComponents.swift; sourceTree = "<group>"; };
		577DCE5C54B8BB2D309E24EF /* ProjectNotificationStore.swift */ = {isa = PBXFileReference; lastKnownFileType = sourcecode.swift; path = ProjectNotificationStore.swift; sourceTree = "<group>"; };
		57DCCF561968942C80092D6A /* SampleDocuments+GeneratedDemos.swift */ = {isa = PBXFileReference; lastKnownFileType = sourcecode.swift; path = "SampleDocuments+GeneratedDemos.swift"; sourceTree = "<group>"; };
		5A134CE77290219DD55CF110 /* SampleDocuments+LogicShowcase.swift */ = {isa = PBXFileReference; lastKnownFileType = sourcecode.swift; path = "SampleDocuments+LogicShowcase.swift"; sourceTree = "<group>"; };
		5C2136345C4494895841F7ED /* LocalAssetStore.swift */ = {isa = PBXFileReference; lastKnownFileType = sourcecode.swift; path = LocalAssetStore.swift; sourceTree = "<group>"; };
		5D934679BB94771158FAE7C7 /* SampleDocuments.swift */ = {isa = PBXFileReference; lastKnownFileType = sourcecode.swift; path = SampleDocuments.swift; sourceTree = "<group>"; };
		5DED23C7601BE30C16180BB2 /* GameRuntimeView.swift */ = {isa = PBXFileReference; lastKnownFileType = sourcecode.swift; path = GameRuntimeView.swift; sourceTree = "<group>"; };
		5E18181F880B5BC042C1A75E /* OpenAISpeechClient.swift */ = {isa = PBXFileReference; lastKnownFileType = sourcecode.swift; path = OpenAISpeechClient.swift; sourceTree = "<group>"; };
		6091B1B091BF3DE467935A72 /* DesignStudioSheet.swift */ = {isa = PBXFileReference; lastKnownFileType = sourcecode.swift; path = DesignStudioSheet.swift; sourceTree = "<group>"; };
		63294D3C4032FCBB2D01C35E /* InfoBannerNodeView.swift */ = {isa = PBXFileReference; lastKnownFileType = sourcecode.swift; path = InfoBannerNodeView.swift; sourceTree = "<group>"; };
		648ECAEE4A9B1DDB5F43C2E5 /* OpenAIAppGenerationClientTests.swift */ = {isa = PBXFileReference; lastKnownFileType = sourcecode.swift; path = OpenAIAppGenerationClientTests.swift; sourceTree = "<group>"; };
		64D4E8274133797830F984AD /* GameRuntimeUITests.swift */ = {isa = PBXFileReference; lastKnownFileType = sourcecode.swift; path = GameRuntimeUITests.swift; sourceTree = "<group>"; };
		655CC8966FBDFDA38CE6075D /* TinyGameTestFixtures.swift */ = {isa = PBXFileReference; lastKnownFileType = sourcecode.swift; path = TinyGameTestFixtures.swift; sourceTree = "<group>"; };
		66CE55CA037258C452392964 /* CapabilityRegistry.swift */ = {isa = PBXFileReference; lastKnownFileType = sourcecode.swift; path = CapabilityRegistry.swift; sourceTree = "<group>"; };
		67CD04128B0AA0A2ABA2798D /* MakeYourTheme.swift */ = {isa = PBXFileReference; lastKnownFileType = sourcecode.swift; path = MakeYourTheme.swift; sourceTree = "<group>"; };
		67D4840BA05DF53664588B14 /* OpenAITextCompletionClientTests.swift */ = {isa = PBXFileReference; lastKnownFileType = sourcecode.swift; path = OpenAITextCompletionClientTests.swift; sourceTree = "<group>"; };
		681D39AB1078087AC2FF1B81 /* CapabilityRegistryTests.swift */ = {isa = PBXFileReference; lastKnownFileType = sourcecode.swift; path = CapabilityRegistryTests.swift; sourceTree = "<group>"; };
		68798CD915B5CB60115EF6D7 /* RuntimeDocumentExportCodec.swift */ = {isa = PBXFileReference; lastKnownFileType = sourcecode.swift; path = RuntimeDocumentExportCodec.swift; sourceTree = "<group>"; };
		6E82386C6192AD07B4D75DA5 /* MakeYourIOSTests.xctest */ = {isa = PBXFileReference; includeInIndex = 0; lastKnownFileType = wrapper.cfbundle; path = MakeYourIOSTests.xctest; sourceTree = BUILT_PRODUCTS_DIR; };
		70E78F3B79C953DB88391BE7 /* RendererCatalog.swift */ = {isa = PBXFileReference; lastKnownFileType = sourcecode.swift; path = RendererCatalog.swift; sourceTree = "<group>"; };
		70E93ED7F8BD57A8DE635D7E /* RuntimeCollectionNodeView.swift */ = {isa = PBXFileReference; lastKnownFileType = sourcecode.swift; path = RuntimeCollectionNodeView.swift; sourceTree = "<group>"; };
		71931717918548E0D11283AD /* RuntimeDocumentExportView.swift */ = {isa = PBXFileReference; lastKnownFileType = sourcecode.swift; path = RuntimeDocumentExportView.swift; sourceTree = "<group>"; };
		71CDD848D6242EE8B9B7DDFC /* DesignStudioUITests.swift */ = {isa = PBXFileReference; lastKnownFileType = sourcecode.swift; path = DesignStudioUITests.swift; sourceTree = "<group>"; };
		723B965D118981D5D54D17C5 /* NewsFeedRuntimeView.swift */ = {isa = PBXFileReference; lastKnownFileType = sourcecode.swift; path = NewsFeedRuntimeView.swift; sourceTree = "<group>"; };
		7355420FC2070E813C13BE34 /* DemoTTSExportCoordinator.swift */ = {isa = PBXFileReference; lastKnownFileType = sourcecode.swift; path = DemoTTSExportCoordinator.swift; sourceTree = "<group>"; };
		79641FB32FBFA0A167B3B797 /* NativeCapabilitySpecs.swift */ = {isa = PBXFileReference; lastKnownFileType = sourcecode.swift; path = NativeCapabilitySpecs.swift; sourceTree = "<group>"; };
		7A1512747AC8C6BF53A3B68F /* KeychainStoreTests.swift */ = {isa = PBXFileReference; lastKnownFileType = sourcecode.swift; path = KeychainStoreTests.swift; sourceTree = "<group>"; };
		7A4BD1F8A1EB194EA68FFD76 /* MarketDataClient.swift */ = {isa = PBXFileReference; lastKnownFileType = sourcecode.swift; path = MarketDataClient.swift; sourceTree = "<group>"; };
		7B7289A67618511D088F6FFD /* NativeCapabilityTests.swift */ = {isa = PBXFileReference; lastKnownFileType = sourcecode.swift; path = NativeCapabilityTests.swift; sourceTree = "<group>"; };
		7C7C31F10FA16671BF02D7FD /* RuntimeMapView.swift */ = {isa = PBXFileReference; lastKnownFileType = sourcecode.swift; path = RuntimeMapView.swift; sourceTree = "<group>"; };
		7D1D7ED7B4201AA57C1102DE /* ImmersiveAppHostView.swift */ = {isa = PBXFileReference; lastKnownFileType = sourcecode.swift; path = ImmersiveAppHostView.swift; sourceTree = "<group>"; };
		7E3AC215FD4F694083753AF7 /* PageRenderers.swift */ = {isa = PBXFileReference; lastKnownFileType = sourcecode.swift; path = PageRenderers.swift; sourceTree = "<group>"; };
		805778B768F0DACFB13ACC74 /* OpenAIAppGenerationClient.swift */ = {isa = PBXFileReference; lastKnownFileType = sourcecode.swift; path = OpenAIAppGenerationClient.swift; sourceTree = "<group>"; };
		805C794F032703BD6A3EA517 /* RootView.swift */ = {isa = PBXFileReference; lastKnownFileType = sourcecode.swift; path = RootView.swift; sourceTree = "<group>"; };
		83D4B62251DBA370040490EA /* TinyGameProgramTests.swift */ = {isa = PBXFileReference; lastKnownFileType = sourcecode.swift; path = TinyGameProgramTests.swift; sourceTree = "<group>"; };
		8621239375EA8EAF93A4B22A /* RuntimeHostShellUITests.swift */ = {isa = PBXFileReference; lastKnownFileType = sourcecode.swift; path = RuntimeHostShellUITests.swift; sourceTree = "<group>"; };
		8926CF17C5F0D10BE12FF7D4 /* TinyGameEngine.swift */ = {isa = PBXFileReference; lastKnownFileType = sourcecode.swift; path = TinyGameEngine.swift; sourceTree = "<group>"; };
		89DE5C7EE85046849A388753 /* DeviceInputServices.swift */ = {isa = PBXFileReference; lastKnownFileType = sourcecode.swift; path = DeviceInputServices.swift; sourceTree = "<group>"; };
		8D7A72865790F21439F56011 /* Assets.xcassets */ = {isa = PBXFileReference; lastKnownFileType = folder.assetcatalog; path = Assets.xcassets; sourceTree = "<group>"; };
		8FB6A3B7536D9FF36E40FAF1 /* AppDocumentValidator.swift */ = {isa = PBXFileReference; lastKnownFileType = sourcecode.swift; path = AppDocumentValidator.swift; sourceTree = "<group>"; };
		8FC4A61DC2296F557D81EC77 /* LocalAssetStoreTests.swift */ = {isa = PBXFileReference; lastKnownFileType = sourcecode.swift; path = LocalAssetStoreTests.swift; sourceTree = "<group>"; };
		8FD693A2FC413A0B408B5EBE /* GeneratedAppPayload+Symbols.swift */ = {isa = PBXFileReference; lastKnownFileType = sourcecode.swift; path = "GeneratedAppPayload+Symbols.swift"; sourceTree = "<group>"; };
		90CE496E50FA7F66865BF443 /* LiveDataListRuntimeContent.swift */ = {isa = PBXFileReference; lastKnownFileType = sourcecode.swift; path = LiveDataListRuntimeContent.swift; sourceTree = "<group>"; };
		94970B43E9AFD028878AB8D2 /* GeneratedAppPayload.swift */ = {isa = PBXFileReference; lastKnownFileType = sourcecode.swift; path = GeneratedAppPayload.swift; sourceTree = "<group>"; };
		94EFF5352A6D0B75D735B297 /* OpenAIAppGenerationSchema.swift */ = {isa = PBXFileReference; lastKnownFileType = sourcecode.swift; path = OpenAIAppGenerationSchema.swift; sourceTree = "<group>"; };
		96339C3BA9FA00A21EF34F84 /* TinyGameCompiler.swift */ = {isa = PBXFileReference; lastKnownFileType = sourcecode.swift; path = TinyGameCompiler.swift; sourceTree = "<group>"; };
		96BC080C4FB10746F658C0C7 /* RuntimeSessionState.swift */ = {isa = PBXFileReference; lastKnownFileType = sourcecode.swift; path = RuntimeSessionState.swift; sourceTree = "<group>"; };
		97E2CB252C04E1ADE43552F1 /* WorkspaceStoreTests.swift */ = {isa = PBXFileReference; lastKnownFileType = sourcecode.swift; path = WorkspaceStoreTests.swift; sourceTree = "<group>"; };
		989FCFE6A20CD0A8C47C35E6 /* RuntimeLogicValidatorTests.swift */ = {isa = PBXFileReference; lastKnownFileType = sourcecode.swift; path = RuntimeLogicValidatorTests.swift; sourceTree = "<group>"; };
		A2C305638B7012AC8F9C2E03 /* SampleDocuments+CustomGame.swift */ = {isa = PBXFileReference; lastKnownFileType = sourcecode.swift; path = "SampleDocuments+CustomGame.swift"; sourceTree = "<group>"; };
		A4A018F00CFAA9AE97CB3572 /* WorkspaceProject.swift */ = {isa = PBXFileReference; lastKnownFileType = sourcecode.swift; path = WorkspaceProject.swift; sourceTree = "<group>"; };
		A83E7F3982149D0B0AFB3BB9 /* TinyGameEngineTests.swift */ = {isa = PBXFileReference; lastKnownFileType = sourcecode.swift; path = TinyGameEngineTests.swift; sourceTree = "<group>"; };
		A8E01D441C434C4906324BF0 /* ComponentRenderer.swift */ = {isa = PBXFileReference; lastKnownFileType = sourcecode.swift; path = ComponentRenderer.swift; sourceTree = "<group>"; };
		AC3F9B2D0D006BE711E83BA5 /* NativeRuntimeUITests.swift */ = {isa = PBXFileReference; lastKnownFileType = sourcecode.swift; path = NativeRuntimeUITests.swift; sourceTree = "<group>"; };
		B025F14A9DB6609CD5210826 /* ImageNodeView.swift */ = {isa = PBXFileReference; lastKnownFileType = sourcecode.swift; path = ImageNodeView.swift; sourceTree = "<group>"; };
		B0558CD4B608A253B4C8D41D /* RecordCollectionEditorView.swift */ = {isa = PBXFileReference; lastKnownFileType = sourcecode.swift; path = RecordCollectionEditorView.swift; sourceTree = "<group>"; };
		B16BC73AAF4FD84308A85932 /* VisualDesign.swift */ = {isa = PBXFileReference; lastKnownFileType = sourcecode.swift; path = VisualDesign.swift; sourceTree = "<group>"; };
		B36602658022DA13E9F31059 /* AppDocumentValidator+Content.swift */ = {isa = PBXFileReference; lastKnownFileType = sourcecode.swift; path = "AppDocumentValidator+Content.swift"; sourceTree = "<group>"; };
		B5E397E62C9A5046BDFF905B /* ExpandedAppDocumentValidatorTests.swift */ = {isa = PBXFileReference; lastKnownFileType = sourcecode.swift; path = ExpandedAppDocumentValidatorTests.swift; sourceTree = "<group>"; };
		B6ED96709E7B8E767DDB25A0 /* AppDocumentValidatorTests.swift */ = {isa = PBXFileReference; lastKnownFileType = sourcecode.swift; path = AppDocumentValidatorTests.swift; sourceTree = "<group>"; };
		B7433FB4C5DF0D7F0C321DD6 /* ExchangeRateClientTests.swift */ = {isa = PBXFileReference; lastKnownFileType = sourcecode.swift; path = ExchangeRateClientTests.swift; sourceTree = "<group>"; };
		B8E508365DDE7A501D73D169 /* AppDocumentValidator+Expressions.swift */ = {isa = PBXFileReference; lastKnownFileType = sourcecode.swift; path = "AppDocumentValidator+Expressions.swift"; sourceTree = "<group>"; };
		BACA4978774C243301423165 /* NewsFeedClient.swift */ = {isa = PBXFileReference; lastKnownFileType = sourcecode.swift; path = NewsFeedClient.swift; sourceTree = "<group>"; };
		BBAAA8907E2AABF5B164AA41 /* RuntimeLogicEngine+Values.swift */ = {isa = PBXFileReference; lastKnownFileType = sourcecode.swift; path = "RuntimeLogicEngine+Values.swift"; sourceTree = "<group>"; };
		C1D12F74B6ED9EBD58961536 /* MarketWatchRuntimeView.swift */ = {isa = PBXFileReference; lastKnownFileType = sourcecode.swift; path = MarketWatchRuntimeView.swift; sourceTree = "<group>"; };
		C221CA8FF7C259D6DB5F08BC /* KeychainStore.swift */ = {isa = PBXFileReference; lastKnownFileType = sourcecode.swift; path = KeychainStore.swift; sourceTree = "<group>"; };
		C4228FEBF204D8491A92E907 /* PrivacyInfo.xcprivacy */ = {isa = PBXFileReference; path = PrivacyInfo.xcprivacy; sourceTree = "<group>"; };
		C5FB1A53FA629966BD01CB21 /* TinyGameProgram.swift */ = {isa = PBXFileReference; lastKnownFileType = sourcecode.swift; path = TinyGameProgram.swift; sourceTree = "<group>"; };
		C68FD2278BF44586EB258886 /* WorkspaceStore.swift */ = {isa = PBXFileReference; lastKnownFileType = sourcecode.swift; path = WorkspaceStore.swift; sourceTree = "<group>"; };
		C7887217B660528C7F5C0A27 /* RecordCollectionRuntimeView.swift */ = {isa = PBXFileReference; lastKnownFileType = sourcecode.swift; path = RecordCollectionRuntimeView.swift; sourceTree = "<group>"; };
		CAE4E699C508E7DB80F07F68 /* MarketDataClientTests.swift */ = {isa = PBXFileReference; lastKnownFileType = sourcecode.swift; path = MarketDataClientTests.swift; sourceTree = "<group>"; };
		CB908FB6A7C28B4A609AE3C2 /* MarketWatchRuntimeComponents.swift */ = {isa = PBXFileReference; lastKnownFileType = sourcecode.swift; path = MarketWatchRuntimeComponents.swift; sourceTree = "<group>"; };
		CB94299AC43B58ED9279BEA6 /* GeneratedAppPayloadTests.swift */ = {isa = PBXFileReference; lastKnownFileType = sourcecode.swift; path = GeneratedAppPayloadTests.swift; sourceTree = "<group>"; };
		CCD79BCDDD8A8C6A8F615039 /* DeviceInputCaptureSheets.swift */ = {isa = PBXFileReference; lastKnownFileType = sourcecode.swift; path = DeviceInputCaptureSheets.swift; sourceTree = "<group>"; };
		CE5C86BA7EF528C0355A8F74 /* DesignStudioCard.swift */ = {isa = PBXFileReference; lastKnownFileType = sourcecode.swift; path = DesignStudioCard.swift; sourceTree = "<group>"; };
		CE90C0B96C3016F8D4C67334 /* GeneratedAppPayload+Logic.swift */ = {isa = PBXFileReference; lastKnownFileType = sourcecode.swift; path = "GeneratedAppPayload+Logic.swift"; sourceTree = "<group>"; };
		D081728D3F0E7A77BF9EC268 /* RuntimeLogic.swift */ = {isa = PBXFileReference; lastKnownFileType = sourcecode.swift; path = RuntimeLogic.swift; sourceTree = "<group>"; };
		DAE93A150FFC9EA2E789A7B5 /* LiveDataListRuntimeSheets.swift */ = {isa = PBXFileReference; lastKnownFileType = sourcecode.swift; path = LiveDataListRuntimeSheets.swift; sourceTree = "<group>"; };
		DBF082A5EC8C2020DA3C941A /* AIRequestConfirmationView.swift */ = {isa = PBXFileReference; lastKnownFileType = sourcecode.swift; path = AIRequestConfirmationView.swift; sourceTree = "<group>"; };
		DBF6E4235679EF75ECB0B415 /* DesignGenome.swift */ = {isa = PBXFileReference; lastKnownFileType = sourcecode.swift; path = DesignGenome.swift; sourceTree = "<group>"; };
		DC6DEA8AF84135B76011279D /* LiveDataListRuntimeView.swift */ = {isa = PBXFileReference; lastKnownFileType = sourcecode.swift; path = LiveDataListRuntimeView.swift; sourceTree = "<group>"; };
		DC95B4BA8160F16EACD52757 /* MakeYourIOSApp.swift */ = {isa = PBXFileReference; lastKnownFileType = sourcecode.swift; path = MakeYourIOSApp.swift; sourceTree = "<group>"; };
		DDBA03918818FCE2B65E34D6 /* RecordCollectionRuntimeContent.swift */ = {isa = PBXFileReference; lastKnownFileType = sourcecode.swift; path = RecordCollectionRuntimeContent.swift; sourceTree = "<group>"; };
		DE034BD862F54586D1BD0D20 /* AISettingsStore.swift */ = {isa = PBXFileReference; lastKnownFileType = sourcecode.swift; path = AISettingsStore.swift; sourceTree = "<group>"; };
		DE1C1869688C943EA135498D /* RuntimeDesignContext.swift */ = {isa = PBXFileReference; lastKnownFileType = sourcecode.swift; path = RuntimeDesignContext.swift; sourceTree = "<group>"; };
		E73D850BED3D8FFFAFD73AD0 /* OpenAIAppGenerationSchemaTests.swift */ = {isa = PBXFileReference; lastKnownFileType = sourcecode.swift; path = OpenAIAppGenerationSchemaTests.swift; sourceTree = "<group>"; };
		E7A979949DBA62CF0AF9A9A5 /* ProjectRuntimeStateStore.swift */ = {isa = PBXFileReference; lastKnownFileType = sourcecode.swift; path = ProjectRuntimeStateStore.swift; sourceTree = "<group>"; };
		EC91C9424D0C68FFD008225F /* VisualDesignTests.swift */ = {isa = PBXFileReference; lastKnownFileType = sourcecode.swift; path = VisualDesignTests.swift; sourceTree = "<group>"; };
		ED63E9C5052E7E1DDC5386D3 /* GeneratedAppPayload+Design.swift */ = {isa = PBXFileReference; lastKnownFileType = sourcecode.swift; path = "GeneratedAppPayload+Design.swift"; sourceTree = "<group>"; };
		ED978A227F8540FC0D407E27 /* RuntimeDesignV2Tests.swift */ = {isa = PBXFileReference; lastKnownFileType = sourcecode.swift; path = RuntimeDesignV2Tests.swift; sourceTree = "<group>"; };
		EE2B86ACB653F1CF63563A6E /* RuntimeCalendarEventView.swift */ = {isa = PBXFileReference; lastKnownFileType = sourcecode.swift; path = RuntimeCalendarEventView.swift; sourceTree = "<group>"; };
		F325913F94B70FADCBB45BD0 /* OpenAIAppGenerationSchema+TinyGame.swift */ = {isa = PBXFileReference; lastKnownFileType = sourcecode.swift; path = "OpenAIAppGenerationSchema+TinyGame.swift"; sourceTree = "<group>"; };
		F373E177299BC96BB5F12299 /* ProjectRuntimeStateStoreTests.swift */ = {isa = PBXFileReference; lastKnownFileType = sourcecode.swift; path = ProjectRuntimeStateStoreTests.swift; sourceTree = "<group>"; };
		F627F68159E2F668F5EE7D2C /* MakeYourIOSUITests.xctest */ = {isa = PBXFileReference; includeInIndex = 0; lastKnownFileType = wrapper.cfbundle; path = MakeYourIOSUITests.xctest; sourceTree = BUILT_PRODUCTS_DIR; };
		F764BBEB619E52D05337A262 /* CurrencyConverterRuntimeView.swift */ = {isa = PBXFileReference; lastKnownFileType = sourcecode.swift; path = CurrencyConverterRuntimeView.swift; sourceTree = "<group>"; };
		FA2D2BDE1E6C456D2A0795A2 /* RuntimeControlNodeView.swift */ = {isa = PBXFileReference; lastKnownFileType = sourcecode.swift; path = RuntimeControlNodeView.swift; sourceTree = "<group>"; };
		FCBE05BF2AEFB2D031C14BB6 /* BasicNodeViews.swift */ = {isa = PBXFileReference; lastKnownFileType = sourcecode.swift; path = BasicNodeViews.swift; sourceTree = "<group>"; };
		FDAA587A1979B3FBB36E7DBB /* AppLibraryView.swift */ = {isa = PBXFileReference; lastKnownFileType = sourcecode.swift; path = AppLibraryView.swift; sourceTree = "<group>"; };
/* End PBXFileReference section */

/* Begin PBXGroup section */
		02CD546D81E83FF9DC678173 /* Products */ = {
			isa = PBXGroup;
			children = (
				0899C09D3613BA6C64B7B43A /* MakeYourIOS.app */,
				6E82386C6192AD07B4D75DA5 /* MakeYourIOSTests.xctest */,
				F627F68159E2F668F5EE7D2C /* MakeYourIOSUITests.xctest */,
			);
			name = Products;
			sourceTree = "<group>";
		};
		053D6F95902316339A0FCE7E /* MakeYourIOSTests */ = {
			isa = PBXGroup;
			children = (
				30BD6ED8D0D4E6490C29443F /* AISettingsStoreTests.swift */,
				48B22B211C3240FF8A888A99 /* AppDocumentDesignMergerTests.swift */,
				B6ED96709E7B8E767DDB25A0 /* AppDocumentValidatorTests.swift */,
				681D39AB1078087AC2FF1B81 /* CapabilityRegistryTests.swift */,
				3AE5D61A1CF8BA64EA9B0D79 /* CurrencyCalculatorTests.swift */,
				B7433FB4C5DF0D7F0C321DD6 /* ExchangeRateClientTests.swift */,
				B5E397E62C9A5046BDFF905B /* ExpandedAppDocumentValidatorTests.swift */,
				4959A0AB64FE92A2A9ED39BB /* GameRuntimeModelsTests.swift */,
				25A495929E240A143F54B16D /* GeneratedAppPayloadTestFixtures.swift */,
				CB94299AC43B58ED9279BEA6 /* GeneratedAppPayloadTests.swift */,
				2327A94A835DEF3E2CA993F9 /* GeneratedCapabilityPayloadTests.swift */,
				7A1512747AC8C6BF53A3B68F /* KeychainStoreTests.swift */,
				20A07498499E73D819A7E5EE /* LedgerRuntimeTests.swift */,
				8FC4A61DC2296F557D81EC77 /* LocalAssetStoreTests.swift */,
				CAE4E699C508E7DB80F07F68 /* MarketDataClientTests.swift */,
				7B7289A67618511D088F6FFD /* NativeCapabilityTests.swift */,
				3FAB9DA76FCDB7F3FB4317F7 /* NewsFeedClientTests.swift */,
				648ECAEE4A9B1DDB5F43C2E5 /* OpenAIAppGenerationClientTests.swift */,
				E73D850BED3D8FFFAFD73AD0 /* OpenAIAppGenerationSchemaTests.swift */,
				210433A7C1D9F993865232CF /* OpenAISpeechClientTests.swift */,
				67D4840BA05DF53664588B14 /* OpenAITextCompletionClientTests.swift */,
				F373E177299BC96BB5F12299 /* ProjectRuntimeStateStoreTests.swift */,
				ED978A227F8540FC0D407E27 /* RuntimeDesignV2Tests.swift */,
				2D9B17B7D175702D4D80A1BE /* RuntimeLogicEngineTests.swift */,
				989FCFE6A20CD0A8C47C35E6 /* RuntimeLogicValidatorTests.swift */,
				31A77D588EE0F3D051029E4D /* RuntimeSessionStateTests.swift */,
				44EBDD242EB077FD81CD0508 /* TinyGameCompilerTests.swift */,
				A83E7F3982149D0B0AFB3BB9 /* TinyGameEngineTests.swift */,
				83D4B62251DBA370040490EA /* TinyGameProgramTests.swift */,
				655CC8966FBDFDA38CE6075D /* TinyGameTestFixtures.swift */,
				0B7E211C7F19DF81C4492240 /* UniversalRuntimeIntegrationTests.swift */,
				EC91C9424D0C68FFD008225F /* VisualDesignTests.swift */,
				97E2CB252C04E1ADE43552F1 /* WorkspaceStoreTests.swift */,
			);
			path = MakeYourIOSTests;
			sourceTree = "<group>";
		};
		21B0F31F4B6CF1AB11936301 /* Resources */ = {
			isa = PBXGroup;
			children = (
				8D7A72865790F21439F56011 /* Assets.xcassets */,
				C4228FEBF204D8491A92E907 /* PrivacyInfo.xcprivacy */,
			);
			path = Resources;
			sourceTree = "<group>";
		};
		232249A11A39CB791581FCE8 = {
			isa = PBXGroup;
			children = (
				EA7ED6D1891280FA4452252B /* MakeYourIOS */,
				053D6F95902316339A0FCE7E /* MakeYourIOSTests */,
				969D04364980021B0FA4F0ED /* MakeYourIOSUITests */,
				02CD546D81E83FF9DC678173 /* Products */,
			);
			sourceTree = "<group>";
		};
		254E420BC5E23BBD34BD3038 /* Services */ = {
			isa = PBXGroup;
			children = (
				2B2480DE40FB45608F999608 /* AI */,
				CC07D2AAC508210CA9E55DE0 /* Markets */,
				AC7BEC0A1E09D99B1C3E01D5 /* News */,
				274E8F04BF945796AD72B6DA /* Rates */,
				73F2D6FAF6A2282F90794343 /* Security */,
			);
			path = Services;
			sourceTree = "<group>";
		};
		274E8F04BF945796AD72B6DA /* Rates */ = {
			isa = PBXGroup;
			children = (
				4043E9F6BD1B880F157435DB /* ExchangeRateClient.swift */,
			);
			path = Rates;
			sourceTree = "<group>";
		};
		2B2480DE40FB45608F999608 /* AI */ = {
			isa = PBXGroup;
			children = (
				DE034BD862F54586D1BD0D20 /* AISettingsStore.swift */,
				94970B43E9AFD028878AB8D2 /* GeneratedAppPayload.swift */,
				ED63E9C5052E7E1DDC5386D3 /* GeneratedAppPayload+Design.swift */,
				41CEA34A4E2A4CF7E767C19A /* GeneratedAppPayload+DTO.swift */,
				CE90C0B96C3016F8D4C67334 /* GeneratedAppPayload+Logic.swift */,
				8FD693A2FC413A0B408B5EBE /* GeneratedAppPayload+Symbols.swift */,
				805778B768F0DACFB13ACC74 /* OpenAIAppGenerationClient.swift */,
				94EFF5352A6D0B75D735B297 /* OpenAIAppGenerationSchema.swift */,
				F325913F94B70FADCBB45BD0 /* OpenAIAppGenerationSchema+TinyGame.swift */,
				5E18181F880B5BC042C1A75E /* OpenAISpeechClient.swift */,
				21D2F33F83B2038A38D2FC7B /* OpenAITextCompletionClient.swift */,
			);
			path = AI;
			sourceTree = "<group>";
		};
		40480E2E7D047C7AC231621A /* DesignSystem */ = {
			isa = PBXGroup;
			children = (
				67CD04128B0AA0A2ABA2798D /* MakeYourTheme.swift */,
				DE1C1869688C943EA135498D /* RuntimeDesignContext.swift */,
				0E99919FC054AAF7B0EE6422 /* RuntimeVisualDesign.swift */,
			);
			path = DesignSystem;
			sourceTree = "<group>";
		};
		4FBB5EE961F1219869841F3B /* Models */ = {
			isa = PBXGroup;
			children = (
				10B3939FA0BA6CC5D28F7CF2 /* AppCapability.swift */,
				480E7D75FB6E29ADE7E1DA73 /* AppDocument.swift */,
				DBF6E4235679EF75ECB0B415 /* DesignGenome.swift */,
				79641FB32FBFA0A167B3B797 /* NativeCapabilitySpecs.swift */,
				D081728D3F0E7A77BF9EC268 /* RuntimeLogic.swift */,
				5D934679BB94771158FAE7C7 /* SampleDocuments.swift */,
				15110833F1212115C240C6CF /* SampleDocuments+CapabilityShowcase.swift */,
				A2C305638B7012AC8F9C2E03 /* SampleDocuments+CustomGame.swift */,
				3F97CDC3D4B6F382B2E6B1E9 /* SampleDocuments+DeviceLab.swift */,
				57DCCF561968942C80092D6A /* SampleDocuments+GeneratedDemos.swift */,
				5A134CE77290219DD55CF110 /* SampleDocuments+LogicShowcase.swift */,
				18B505428D1AE184E9A88448 /* SampleDocuments+Muse.swift */,
				C5FB1A53FA629966BD01CB21 /* TinyGameProgram.swift */,
				B16BC73AAF4FD84308A85932 /* VisualDesign.swift */,
				A4A018F00CFAA9AE97CB3572 /* WorkspaceProject.swift */,
			);
			path = Models;
			sourceTree = "<group>";
		};
		73F2D6FAF6A2282F90794343 /* Security */ = {
			isa = PBXGroup;
			children = (
				C221CA8FF7C259D6DB5F08BC /* KeychainStore.swift */,
			);
			path = Security;
			sourceTree = "<group>";
		};
		7FF51C55652EB8AD73D3F6CF /* Runtime */ = {
			isa = PBXGroup;
			children = (
				DBF082A5EC8C2020DA3C941A /* AIRequestConfirmationView.swift */,
				2926189176256044CB681027 /* AITextRuntimeView.swift */,
				0E3AF0C390181185ABCDE22B /* AppCapabilityResolver.swift */,
				8FB6A3B7536D9FF36E40FAF1 /* AppDocumentValidator.swift */,
				B36602658022DA13E9F31059 /* AppDocumentValidator+Content.swift */,
				B8E508365DDE7A501D73D169 /* AppDocumentValidator+Expressions.swift */,
				50193B1370700FF07C383289 /* AppDocumentValidator+Logic.swift */,
				29BDB8363D48E1C0FC956511 /* AppRuntimeView.swift */,
				FCBE05BF2AEFB2D031C14BB6 /* BasicNodeViews.swift */,
				66CE55CA037258C452392964 /* CapabilityRegistry.swift */,
				A8E01D441C434C4906324BF0 /* ComponentRenderer.swift */,
				F764BBEB619E52D05337A262 /* CurrencyConverterRuntimeView.swift */,
				CCD79BCDDD8A8C6A8F615039 /* DeviceInputCaptureSheets.swift */,
				0F260210473F4059AEE00107 /* DeviceInputRuntimeView.swift */,
				89DE5C7EE85046849A388753 /* DeviceInputServices.swift */,
				02A5D8A173F496AAFD31FFEF /* GameRuntimeModels.swift */,
				5DED23C7601BE30C16180BB2 /* GameRuntimeView.swift */,
				B025F14A9DB6609CD5210826 /* ImageNodeView.swift */,
				63294D3C4032FCBB2D01C35E /* InfoBannerNodeView.swift */,
				30621E0FA2F81B1804E2BF68 /* InteractiveNodeViews.swift */,
				4EF47F1DE3C67B4F17A84BFC /* LedgerEditorView.swift */,
				38B8E26DCE5656BF60B5446B /* LedgerRuntimeModels.swift */,
				1E9DD72083E96BC967CE1A8D /* LedgerRuntimeView.swift */,
				3D9F123108F92E00FFD4AFAF /* LiveDataListRuntimeActions.swift */,
				90CE496E50FA7F66865BF443 /* LiveDataListRuntimeContent.swift */,
				DAE93A150FFC9EA2E789A7B5 /* LiveDataListRuntimeSheets.swift */,
				DC6DEA8AF84135B76011279D /* LiveDataListRuntimeView.swift */,
				CB908FB6A7C28B4A609AE3C2 /* MarketWatchRuntimeComponents.swift */,
				19AE405D2249D0D08B1E6B81 /* MarketWatchRuntimeEditors.swift */,
				C1D12F74B6ED9EBD58961536 /* MarketWatchRuntimeView.swift */,
				537F232FA0F774973EAC4696 /* NewsFeedRuntimeComponents.swift */,
				723B965D118981D5D54D17C5 /* NewsFeedRuntimeView.swift */,
				2AFAFA00EA0B42B5A35D179B /* PageLayoutEngine.swift */,
				7E3AC215FD4F694083753AF7 /* PageRenderers.swift */,
				B0558CD4B608A253B4C8D41D /* RecordCollectionEditorView.swift */,
				DDBA03918818FCE2B65E34D6 /* RecordCollectionRuntimeContent.swift */,
				C7887217B660528C7F5C0A27 /* RecordCollectionRuntimeView.swift */,
				70E78F3B79C953DB88391BE7 /* RendererCatalog.swift */,
				EE2B86ACB653F1CF63563A6E /* RuntimeCalendarEventView.swift */,
				70E93ED7F8BD57A8DE635D7E /* RuntimeCollectionNodeView.swift */,
				FA2D2BDE1E6C456D2A0795A2 /* RuntimeControlNodeView.swift */,
				68798CD915B5CB60115EF6D7 /* RuntimeDocumentExportCodec.swift */,
				71931717918548E0D11283AD /* RuntimeDocumentExportView.swift */,
				4B78BDDF23977D75C9013177 /* RuntimeLogicEngine.swift */,
				BBAAA8907E2AABF5B164AA41 /* RuntimeLogicEngine+Values.swift */,
				7C7C31F10FA16671BF02D7FD /* RuntimeMapView.swift */,
				96BC080C4FB10746F658C0C7 /* RuntimeSessionState.swift */,
				477251A1F9977FA48A846481 /* RuntimeValueCodec.swift */,
				4A409209338B69C65DCE1041 /* TaskListRuntimeView.swift */,
				96339C3BA9FA00A21EF34F84 /* TinyGameCompiler.swift */,
				8926CF17C5F0D10BE12FF7D4 /* TinyGameEngine.swift */,
				160733C280FAB06AC64E0E64 /* TinyGameRuntimeView.swift */,
			);
			path = Runtime;
			sourceTree = "<group>";
		};
		969D04364980021B0FA4F0ED /* MakeYourIOSUITests */ = {
			isa = PBXGroup;
			children = (
				71CDD848D6242EE8B9B7DDFC /* DesignStudioUITests.swift */,
				64D4E8274133797830F984AD /* GameRuntimeUITests.swift */,
				491081C584EBF59D3883C8FA /* LiveAIGenerationUITests.swift */,
				AC3F9B2D0D006BE711E83BA5 /* NativeRuntimeUITests.swift */,
				8621239375EA8EAF93A4B22A /* RuntimeHostShellUITests.swift */,
				09EC10132C94F25AF3BF5DC4 /* UniversalRuntimeUITests.swift */,
			);
			path = MakeYourIOSUITests;
			sourceTree = "<group>";
		};
		9C7DB9075E90D8387F5FEB4E /* App */ = {
			isa = PBXGroup;
			children = (
				7355420FC2070E813C13BE34 /* DemoTTSExportCoordinator.swift */,
				7D1D7ED7B4201AA57C1102DE /* ImmersiveAppHostView.swift */,
				DC95B4BA8160F16EACD52757 /* MakeYourIOSApp.swift */,
				805C794F032703BD6A3EA517 /* RootView.swift */,
			);
			path = App;
			sourceTree = "<group>";
		};
		AC7BEC0A1E09D99B1C3E01D5 /* News */ = {
			isa = PBXGroup;
			children = (
				BACA4978774C243301423165 /* NewsFeedClient.swift */,
			);
			path = News;
			sourceTree = "<group>";
		};
		B09BBE22686D2FEA67ADDE92 /* Builder */ = {
			isa = PBXGroup;
			children = (
				4345F72E2755095A6E3E8C0E /* AppDocumentDesignMerger.swift */,
				3418495898FCC300F9A23526 /* BuilderView.swift */,
				0763A3FD8B8668BD2DF806A4 /* CapabilityReviewSheet.swift */,
				4411A1C51712DFDC23F2BB4B /* DesignGenerationReviewSheet.swift */,
				CE5C86BA7EF528C0355A8F74 /* DesignStudioCard.swift */,
				6091B1B091BF3DE467935A72 /* DesignStudioSheet.swift */,
			);
			path = Builder;
			sourceTree = "<group>";
		};
		C62E9A77CB594E732576F6BF /* Persistence */ = {
			isa = PBXGroup;
			children = (
				5C2136345C4494895841F7ED /* LocalAssetStore.swift */,
				577DCE5C54B8BB2D309E24EF /* ProjectNotificationStore.swift */,
				E7A979949DBA62CF0AF9A9A5 /* ProjectRuntimeStateStore.swift */,
				C68FD2278BF44586EB258886 /* WorkspaceStore.swift */,
			);
			path = Persistence;
			sourceTree = "<group>";
		};
		CC07D2AAC508210CA9E55DE0 /* Markets */ = {
			isa = PBXGroup;
			children = (
				7A4BD1F8A1EB194EA68FFD76 /* MarketDataClient.swift */,
			);
			path = Markets;
			sourceTree = "<group>";
		};
		CC96F3E41C08A78D436973BA /* Features */ = {
			isa = PBXGroup;
			children = (
				FECF4893EE63CC2398A594D1 /* AppLibrary */,
				B09BBE22686D2FEA67ADDE92 /* Builder */,
				D65A84FDE9CBA508517E5221 /* Settings */,
			);
			path = Features;
			sourceTree = "<group>";
		};
		D65A84FDE9CBA508517E5221 /* Settings */ = {
			isa = PBXGroup;
			children = (
				19FEA72A250408435C7EC02F /* APIKeySettingsView.swift */,
				4F350760F005C2558C5F4D19 /* PrivacySafetyView.swift */,
			);
			path = Settings;
			sourceTree = "<group>";
		};
		EA7ED6D1891280FA4452252B /* MakeYourIOS */ = {
			isa = PBXGroup;
			children = (
				9C7DB9075E90D8387F5FEB4E /* App */,
				40480E2E7D047C7AC231621A /* DesignSystem */,
				CC96F3E41C08A78D436973BA /* Features */,
				4FBB5EE961F1219869841F3B /* Models */,
				C62E9A77CB594E732576F6BF /* Persistence */,
				21B0F31F4B6CF1AB11936301 /* Resources */,
				7FF51C55652EB8AD73D3F6CF /* Runtime */,
				254E420BC5E23BBD34BD3038 /* Services */,
			);
			path = MakeYourIOS;
			sourceTree = "<group>";
		};
		FECF4893EE63CC2398A594D1 /* AppLibrary */ = {
			isa = PBXGroup;
			children = (
				FDAA587A1979B3FBB36E7DBB /* AppLibraryView.swift */,
			);
			path = AppLibrary;
			sourceTree = "<group>";
		};
/* End PBXGroup section */

/* Begin PBXNativeTarget section */
		03F2BC6F29D10B354C8CE595 /* MakeYourIOSTests */ = {
			isa = PBXNativeTarget;
			buildConfigurationList = D4895318BA291C166AACD45C /* Build configuration list for PBXNativeTarget "MakeYourIOSTests" */;
			buildPhases = (
				A363923A3F4667E252180E0D /* Sources */,
			);
			buildRules = (
			);
			dependencies = (
				9D09892B5E8B6D2C6AD57C5C /* PBXTargetDependency */,
			);
			name = MakeYourIOSTests;
			packageProductDependencies = (
			);
			productName = MakeYourIOSTests;
			productReference = 6E82386C6192AD07B4D75DA5 /* MakeYourIOSTests.xctest */;
			productType = "com.apple.product-type.bundle.unit-test";
		};
		AE81F27C7E99BC73B63596E6 /* MakeYourIOSUITests */ = {
			isa = PBXNativeTarget;
			buildConfigurationList = DD19B677A7CC6AAAC8CE3991 /* Build configuration list for PBXNativeTarget "MakeYourIOSUITests" */;
			buildPhases = (
				80E08B6AE9F9CA21051CAF8B /* Sources */,
			);
			buildRules = (
			);
			dependencies = (
				8F7AB193FDE5AD14BAE19D50 /* PBXTargetDependency */,
			);
			name = MakeYourIOSUITests;
			packageProductDependencies = (
			);
			productName = MakeYourIOSUITests;
			productReference = F627F68159E2F668F5EE7D2C /* MakeYourIOSUITests.xctest */;
			productType = "com.apple.product-type.bundle.ui-testing";
		};
		C9428BB1EA1809B5BA2AD5C6 /* MakeYourIOS */ = {
			isa = PBXNativeTarget;
			buildConfigurationList = 79B24B9D3FF10F23ECEF8DC4 /* Build configuration list for PBXNativeTarget "MakeYourIOS" */;
			buildPhases = (
				61BE2E9651F7B687710FBE18 /* Sources */,
				C72E0F92E84A072B39D6EE3D /* Resources */,
			);
			buildRules = (
			);
			dependencies = (
			);
			name = MakeYourIOS;
			packageProductDependencies = (
			);
			productName = MakeYourIOS;
			productReference = 0899C09D3613BA6C64B7B43A /* MakeYourIOS.app */;
			productType = "com.apple.product-type.application";
		};
/* End PBXNativeTarget section */

/* Begin PBXProject section */
		5375D3757327FDCBAC83484E /* Project object */ = {
			isa = PBXProject;
			attributes = {
				BuildIndependentTargetsInParallel = YES;
				LastUpgradeCheck = 1430;
				TargetAttributes = {
					03F2BC6F29D10B354C8CE595 = {
						DevelopmentTeam = QJX3775S8M;
						ProvisioningStyle = Automatic;
					};
					AE81F27C7E99BC73B63596E6 = {
						DevelopmentTeam = QJX3775S8M;
						ProvisioningStyle = Automatic;
						TestTargetID = C9428BB1EA1809B5BA2AD5C6;
					};
					C9428BB1EA1809B5BA2AD5C6 = {
						DevelopmentTeam = QJX3775S8M;
						ProvisioningStyle = Automatic;
					};
				};
			};
			buildConfigurationList = 7F87242C7767CDF414460C5E /* Build configuration list for PBXProject "MakeYourIOS" */;
			developmentRegion = en;
			hasScannedForEncodings = 0;
			knownRegions = (
				Base,
				en,
			);
			mainGroup = 232249A11A39CB791581FCE8;
			minimizedProjectReferenceProxies = 1;
			preferredProjectObjectVersion = 77;
			productRefGroup = 02CD546D81E83FF9DC678173 /* Products */;
			projectDirPath = "";
			projectRoot = "";
			targets = (
				C9428BB1EA1809B5BA2AD5C6 /* MakeYourIOS */,
				03F2BC6F29D10B354C8CE595 /* MakeYourIOSTests */,
				AE81F27C7E99BC73B63596E6 /* MakeYourIOSUITests */,
			);
		};
/* End PBXProject section */

/* Begin PBXResourcesBuildPhase section */
		C72E0F92E84A072B39D6EE3D /* Resources */ = {
			isa = PBXResourcesBuildPhase;
			buildActionMask = 2147483647;
			files = (
				A718690D44D67C92F151DD88 /* Assets.xcassets in Resources */,
				2E2705FBAA9BB60D04EEE7B5 /* PrivacyInfo.xcprivacy in Resources */,
			);
			runOnlyForDeploymentPostprocessing = 0;
		};
/* End PBXResourcesBuildPhase section */

/* Begin PBXSourcesBuildPhase section */
		61BE2E9651F7B687710FBE18 /* Sources */ = {
			isa = PBXSourcesBuildPhase;
			buildActionMask = 2147483647;
			files = (
				F7210913FCCB18DDB4039CCC /* AIRequestConfirmationView.swift in Sources */,
				07A87FC9B7B1C3E9A044275A /* AISettingsStore.swift in Sources */,
				C1F6A5A7E2097B2149E6806A /* AITextRuntimeView.swift in Sources */,
				7D305C86DF54A4BA0687A465 /* APIKeySettingsView.swift in Sources */,
				73ADD2E3DB4883AAD23F8404 /* AppCapability.swift in Sources */,
				A7E19E591BFF3B98CE56ED81 /* AppCapabilityResolver.swift in Sources */,
				9F4AE5C3936F9AA46B547400 /* AppDocument.swift in Sources */,
				C7F04FB121FC9D4D26E29C07 /* AppDocumentDesignMerger.swift in Sources */,
				96A7243E1F3C5BC22ABEE31B /* AppDocumentValidator+Content.swift in Sources */,
				17A22B53524DA88B0588473B /* AppDocumentValidator+Expressions.swift in Sources */,
				C0AB028E1CE14A943F67BED0 /* AppDocumentValidator+Logic.swift in Sources */,
				D19EA03A4A6D6DB1EB7B0543 /* AppDocumentValidator.swift in Sources */,
				5C1F767983EF55B9B9A40619 /* AppLibraryView.swift in Sources */,
				DD361CB8990B138B3676682C /* AppRuntimeView.swift in Sources */,
				680F86FF9BCF206BD843C951 /* BasicNodeViews.swift in Sources */,
				2024A4B3EACC041E09923293 /* BuilderView.swift in Sources */,
				E367685E796B108CDC4F3114 /* CapabilityRegistry.swift in Sources */,
				10A2DA110AF9B8E020865D75 /* CapabilityReviewSheet.swift in Sources */,
				D55320CBCF63A7122D11D366 /* ComponentRenderer.swift in Sources */,
				4417F89D9008CB80D0175A7C /* CurrencyConverterRuntimeView.swift in Sources */,
				91CB20F7547FD46F66152059 /* DemoTTSExportCoordinator.swift in Sources */,
				DC658BC95434B7C0E5D28535 /* DesignGenerationReviewSheet.swift in Sources */,
				5F0E5F4BF0DD384B33A473EC /* DesignGenome.swift in Sources */,
				4749B95E0C11BF59B86E1DD5 /* DesignStudioCard.swift in Sources */,
				2FFD435694A89C2AFAD7CF17 /* DesignStudioSheet.swift in Sources */,
				848E08F3F0BA89DA2B411167 /* DeviceInputCaptureSheets.swift in Sources */,
				F3C424EFEB951A38B2CF1D29 /* DeviceInputRuntimeView.swift in Sources */,
				1705378E3546DB6EA905C740 /* DeviceInputServices.swift in Sources */,
				23308F9C6508621A092373CA /* ExchangeRateClient.swift in Sources */,
				2CF3097A8775E7737716E36E /* GameRuntimeModels.swift in Sources */,
				FD5250D7F248DAC918381B75 /* GameRuntimeView.swift in Sources */,
				BEA0EC83A92C2EB2C02A98F5 /* GeneratedAppPayload+DTO.swift in Sources */,
				C35BAD9753F53B11507A26E9 /* GeneratedAppPayload+Design.swift in Sources */,
				BA4415B6F5A534E27E6E8A9D /* GeneratedAppPayload+Logic.swift in Sources */,
				078088C9DE74A7954B56F088 /* GeneratedAppPayload+Symbols.swift in Sources */,
				B8BF3E6A9FE5B55D4E7D9946 /* GeneratedAppPayload.swift in Sources */,
				9F4F9188FDF175256977F920 /* ImageNodeView.swift in Sources */,
				E7C825422099CDACAB97E40D /* ImmersiveAppHostView.swift in Sources */,
				2025CEF075B5E0E1D14DB929 /* InfoBannerNodeView.swift in Sources */,
				25DCEBE61AE9169DE285AF10 /* InteractiveNodeViews.swift in Sources */,
				17F9317130966AC3CAD089F5 /* KeychainStore.swift in Sources */,
				CA1A7EC225E649117FF60DD2 /* LedgerEditorView.swift in Sources */,
				B7E303CCC72C2247DB643994 /* LedgerRuntimeModels.swift in Sources */,
				5B4E77EB9A41D03E065386BF /* LedgerRuntimeView.swift in Sources */,
				FFCB8FD31EF279D84A918AF3 /* LiveDataListRuntimeActions.swift in Sources */,
				FA41B5C2EEF8AD719D3C6CB3 /* LiveDataListRuntimeContent.swift in Sources */,
				5245C8996049D551409F44CB /* LiveDataListRuntimeSheets.swift in Sources */,
				653CEF7D1D963B3A44353937 /* LiveDataListRuntimeView.swift in Sources */,
				40AD69812A5A6C23244CFAF2 /* LocalAssetStore.swift in Sources */,
				3C97924C3E4CF5C690FAECAC /* MakeYourIOSApp.swift in Sources */,
				AB0AD8D0F91B87963CF9B6E3 /* MakeYourTheme.swift in Sources */,
				9D3129390B62ED0211986546 /* MarketDataClient.swift in Sources */,
				FA624B6FB2C3E11C8064AB6D /* MarketWatchRuntimeComponents.swift in Sources */,
				1AD1A5B075F1E994C5983219 /* MarketWatchRuntimeEditors.swift in Sources */,
				A376BB5726B65591ABB72373 /* MarketWatchRuntimeView.swift in Sources */,
				491FDE5BF314C930CDB80CB7 /* NativeCapabilitySpecs.swift in Sources */,
				16A5709C1F059DFB43EA36A4 /* NewsFeedClient.swift in Sources */,
				E267E85F86A7FC1A5C171420 /* NewsFeedRuntimeComponents.swift in Sources */,
				A27CD318D95F9DEB986C0FC8 /* NewsFeedRuntimeView.swift in Sources */,
				697A910FEAB1B23B2DDB9D70 /* OpenAIAppGenerationClient.swift in Sources */,
				A3AFA0562C678CC7A17F75BB /* OpenAIAppGenerationSchema+TinyGame.swift in Sources */,
				69DC8DCD8060BBACB89A31E1 /* OpenAIAppGenerationSchema.swift in Sources */,
				7EC064AE7F50F050BC92D7F3 /* OpenAISpeechClient.swift in Sources */,
				7FC97ECED021F43C067A67CA /* OpenAITextCompletionClient.swift in Sources */,
				E301BE47CF6F2E1F3F390820 /* PageLayoutEngine.swift in Sources */,
				4C7F6B5F380137EAA75014E0 /* PageRenderers.swift in Sources */,
				62558D201BA886A88F47DD8A /* PrivacySafetyView.swift in Sources */,
				5CE4215E9CC33E84C289E2F8 /* ProjectNotificationStore.swift in Sources */,
				8BC8B28CE54CB63019AECA2D /* ProjectRuntimeStateStore.swift in Sources */,
				4E5E7E6F2E4A43C4546AC235 /* RecordCollectionEditorView.swift in Sources */,
				4AD2F062CCE1B1C4F6609366 /* RecordCollectionRuntimeContent.swift in Sources */,
				49290CD0656C1BC09AFC7221 /* RecordCollectionRuntimeView.swift in Sources */,
				5CCC402AA37DBF813297C076 /* RendererCatalog.swift in Sources */,
				E32763A690FF76295D63D792 /* RootView.swift in Sources */,
				88C0FCC3BB8B557AC8AD8B69 /* RuntimeCalendarEventView.swift in Sources */,
				8E85C1E452099D9B3B2D6EE9 /* RuntimeCollectionNodeView.swift in Sources */,
				5A7ABF3C78F58FFB4DA37A56 /* RuntimeControlNodeView.swift in Sources */,
				62FA73EE12C71CDADA65F9EE /* RuntimeDesignContext.swift in Sources */,
				701868489A7999A19B94042B /* RuntimeDocumentExportCodec.swift in Sources */,
				80515C2D9E0646B1DFA07C4E /* RuntimeDocumentExportView.swift in Sources */,
				E8967793B828DAFC5910F6D7 /* RuntimeLogic.swift in Sources */,
				633587F53B04FB780D5E4232 /* RuntimeLogicEngine+Values.swift in Sources */,
				705FF3CF91C38D07F5711B87 /* RuntimeLogicEngine.swift in Sources */,
				0396A929D68CA26490B6A61C /* RuntimeMapView.swift in Sources */,
				93BC0036DBF69E1358723585 /* RuntimeSessionState.swift in Sources */,
				8CB0FE867FABD7A3E84CEFC9 /* RuntimeValueCodec.swift in Sources */,
				2B5213A9223A937562DD032E /* RuntimeVisualDesign.swift in Sources */,
				4E815F9FC88D7BE59632D149 /* SampleDocuments+CapabilityShowcase.swift in Sources */,
				98CE8027B832AF1B64A41018 /* SampleDocuments+CustomGame.swift in Sources */,
				D084B0CF0747CF302339D5F5 /* SampleDocuments+DeviceLab.swift in Sources */,
				F705848727C1596D29938470 /* SampleDocuments+GeneratedDemos.swift in Sources */,
				5A73458DBBCFAD87D7C6B194 /* SampleDocuments+LogicShowcase.swift in Sources */,
				CA69D61A1046DCB3E2CAD4C4 /* SampleDocuments+Muse.swift in Sources */,
				CF19656B3E910EB999ECB256 /* SampleDocuments.swift in Sources */,
				2F27B513A02EADDA034B6D3A /* TaskListRuntimeView.swift in Sources */,
				4BE7DC44A4CD7FB9ADDC5A82 /* TinyGameCompiler.swift in Sources */,
				DF7E7E1D1054F0BDD1BF9BAC /* TinyGameEngine.swift in Sources */,
				CD8C2310E5A0B813E04D743D /* TinyGameProgram.swift in Sources */,
				97EBB2B72807DC333654E331 /* TinyGameRuntimeView.swift in Sources */,
				AF2166B1AA136684FE6AB92F /* VisualDesign.swift in Sources */,
				62131BE0183D631B200F9534 /* WorkspaceProject.swift in Sources */,
				A78339DB7DEBE09A3E23CF9C /* WorkspaceStore.swift in Sources */,
			);
			runOnlyForDeploymentPostprocessing = 0;
		};
		80E08B6AE9F9CA21051CAF8B /* Sources */ = {
			isa = PBXSourcesBuildPhase;
			buildActionMask = 2147483647;
			files = (
				626459FF138F44D9C577DF77 /* DesignStudioUITests.swift in Sources */,
				D634DF42A6F793299EEFCF10 /* GameRuntimeUITests.swift in Sources */,
				1A2383E50BD754D6752AEF77 /* LiveAIGenerationUITests.swift in Sources */,
				CDBF8DD662CD0FEC197D9098 /* NativeRuntimeUITests.swift in Sources */,
				37EDD03AD2AF57B20BA53297 /* RuntimeHostShellUITests.swift in Sources */,
				BC538FC8032168ED27B9CB77 /* UniversalRuntimeUITests.swift in Sources */,
			);
			runOnlyForDeploymentPostprocessing = 0;
		};
		A363923A3F4667E252180E0D /* Sources */ = {
			isa = PBXSourcesBuildPhase;
			buildActionMask = 2147483647;
			files = (
				2B4391B055FFE99F5BD07087 /* AISettingsStoreTests.swift in Sources */,
				A811A3C39C119B98509ED967 /* AppDocumentDesignMergerTests.swift in Sources */,
				CB56EDBC5114395D781A7743 /* AppDocumentValidatorTests.swift in Sources */,
				3B640BC751202D6E45251288 /* CapabilityRegistryTests.swift in Sources */,
				EB2FD9D5AF8AA66AFBBCA7D7 /* CurrencyCalculatorTests.swift in Sources */,
				84224DDB59292836917FD493 /* ExchangeRateClientTests.swift in Sources */,
				8201D6D28FDEF9AC6A55CCF6 /* ExpandedAppDocumentValidatorTests.swift in Sources */,
				C07FD46418E6A4244D4BBFBF /* GameRuntimeModelsTests.swift in Sources */,
				6FC477F21954A68EA231355B /* GeneratedAppPayloadTestFixtures.swift in Sources */,
				08500BC9492F15B2518FA97A /* GeneratedAppPayloadTests.swift in Sources */,
				DE219B9BE2938414E7F72431 /* GeneratedCapabilityPayloadTests.swift in Sources */,
				CBA6949319C25C973030785A /* KeychainStoreTests.swift in Sources */,
				D2DCA2560433C2D0EF67B969 /* LedgerRuntimeTests.swift in Sources */,
				9120E1D1AFF9CEEBF4DA95E4 /* LocalAssetStoreTests.swift in Sources */,
				03AFE15A53D3DB88F03600C5 /* MarketDataClientTests.swift in Sources */,
				288EC43514567E1BCFF03B89 /* NativeCapabilityTests.swift in Sources */,
				54EE59F826B48E587DEB6837 /* NewsFeedClientTests.swift in Sources */,
				A4F91DD9DDA37005B63AC9B5 /* OpenAIAppGenerationClientTests.swift in Sources */,
				32E18E6F9FA8C1208C7676F5 /* OpenAIAppGenerationSchemaTests.swift in Sources */,
				26F5B8545CBD19CAA7192B29 /* OpenAISpeechClientTests.swift in Sources */,
				F84C8D7B3F5F905DD958E648 /* OpenAITextCompletionClientTests.swift in Sources */,
				B6312C54F29F88B05F72A349 /* ProjectRuntimeStateStoreTests.swift in Sources */,
				955EC56946D11CBC6BA01C36 /* RuntimeDesignV2Tests.swift in Sources */,
				C2EEFB374F3E4C19B624585C /* RuntimeLogicEngineTests.swift in Sources */,
				19E523F5524C0C2BBB06372A /* RuntimeLogicValidatorTests.swift in Sources */,
				71B9AB3FE2311642E173AE5E /* RuntimeSessionStateTests.swift in Sources */,
				655DB999B9682FC7256728F2 /* TinyGameCompilerTests.swift in Sources */,
				FA10B9675E41E5C5F77D0F87 /* TinyGameEngineTests.swift in Sources */,
				6CF6EB75B2D21EC7ABCB68AA /* TinyGameProgramTests.swift in Sources */,
				885A5F72001F5AE9113441F7 /* TinyGameTestFixtures.swift in Sources */,
				8555FAAEC31AE6619BB552D3 /* UniversalRuntimeIntegrationTests.swift in Sources */,
				9FAB0162DE300E6A30C1A8F9 /* VisualDesignTests.swift in Sources */,
				810C06DED0D3C75D7F9D9979 /* WorkspaceStoreTests.swift in Sources */,
			);
			runOnlyForDeploymentPostprocessing = 0;
		};
/* End PBXSourcesBuildPhase section */

/* Begin PBXTargetDependency section */
		8F7AB193FDE5AD14BAE19D50 /* PBXTargetDependency */ = {
			isa = PBXTargetDependency;
			target = C9428BB1EA1809B5BA2AD5C6 /* MakeYourIOS */;
			targetProxy = C71C5DA6D0953020517C585D /* PBXContainerItemProxy */;
		};
		9D09892B5E8B6D2C6AD57C5C /* PBXTargetDependency */ = {
			isa = PBXTargetDependency;
			target = C9428BB1EA1809B5BA2AD5C6 /* MakeYourIOS */;
			targetProxy = EC7B38A78B0F4B0D0A86C587 /* PBXContainerItemProxy */;
		};
/* End PBXTargetDependency section */

/* Begin XCBuildConfiguration section */
		17FA278FE4FE0BD893BF0DB1 /* Release */ = {
			isa = XCBuildConfiguration;
			buildSettings = {
				ALWAYS_SEARCH_USER_PATHS = NO;
				ASSETCATALOG_COMPILER_GENERATE_SWIFT_ASSET_SYMBOL_EXTENSIONS = YES;
				CLANG_ANALYZER_NONNULL = YES;
				CLANG_ANALYZER_NUMBER_OBJECT_CONVERSION = YES_AGGRESSIVE;
				CLANG_CXX_LANGUAGE_STANDARD = "gnu++14";
				CLANG_CXX_LIBRARY = "libc++";
				CLANG_ENABLE_MODULES = YES;
				CLANG_ENABLE_OBJC_ARC = YES;
				CLANG_ENABLE_OBJC_WEAK = YES;
				CLANG_WARN_BLOCK_CAPTURE_AUTORELEASING = YES;
				CLANG_WARN_BOOL_CONVERSION = YES;
				CLANG_WARN_COMMA = YES;
				CLANG_WARN_CONSTANT_CONVERSION = YES;
				CLANG_WARN_DEPRECATED_OBJC_IMPLEMENTATIONS = YES;
				CLANG_WARN_DIRECT_OBJC_ISA_USAGE = YES_ERROR;
				CLANG_WARN_DOCUMENTATION_COMMENTS = YES;
				CLANG_WARN_EMPTY_BODY = YES;
				CLANG_WARN_ENUM_CONVERSION = YES;
				CLANG_WARN_INFINITE_RECURSION = YES;
				CLANG_WARN_INT_CONVERSION = YES;
				CLANG_WARN_NON_LITERAL_NULL_CONVERSION = YES;
				CLANG_WARN_OBJC_IMPLICIT_RETAIN_SELF = YES;
				CLANG_WARN_OBJC_LITERAL_CONVERSION = YES;
				CLANG_WARN_OBJC_ROOT_CLASS = YES_ERROR;
				CLANG_WARN_QUOTED_INCLUDE_IN_FRAMEWORK_HEADER = YES;
				CLANG_WARN_RANGE_LOOP_ANALYSIS = YES;
				CLANG_WARN_STRICT_PROTOTYPES = YES;
				CLANG_WARN_SUSPICIOUS_MOVE = YES;
				CLANG_WARN_UNGUARDED_AVAILABILITY = YES_AGGRESSIVE;
				CLANG_WARN_UNREACHABLE_CODE = YES;
				CLANG_WARN__DUPLICATE_METHOD_MATCH = YES;
				CODE_SIGN_STYLE = Automatic;
				COPY_PHASE_STRIP = NO;
				CURRENT_PROJECT_VERSION = 1;
				DEBUG_INFORMATION_FORMAT = "dwarf-with-dsym";
				DEVELOPMENT_TEAM = QJX3775S8M;
				ENABLE_NS_ASSERTIONS = NO;
				ENABLE_STRICT_OBJC_MSGSEND = YES;
				ENABLE_USER_SCRIPT_SANDBOXING = YES;
				GCC_C_LANGUAGE_STANDARD = gnu11;
				GCC_NO_COMMON_BLOCKS = YES;
				GCC_WARN_64_TO_32_BIT_CONVERSION = YES;
				GCC_WARN_ABOUT_RETURN_TYPE = YES_ERROR;
				GCC_WARN_UNDECLARED_SELECTOR = YES;
				GCC_WARN_UNINITIALIZED_AUTOS = YES_AGGRESSIVE;
				GCC_WARN_UNUSED_FUNCTION = YES;
				GCC_WARN_UNUSED_VARIABLE = YES;
				IPHONEOS_DEPLOYMENT_TARGET = 18.0;
				MARKETING_VERSION = 1.0.0;
				MTL_ENABLE_DEBUG_INFO = NO;
				MTL_FAST_MATH = YES;
				PRODUCT_NAME = "$(TARGET_NAME)";
				SDKROOT = iphoneos;
				SWIFT_COMPILATION_MODE = wholemodule;
				SWIFT_OPTIMIZATION_LEVEL = "-O";
				SWIFT_VERSION = 6.0;
			};
			name = Release;
		};
		2A69075250AA32FFA66A8FA7 /* Debug */ = {
			isa = XCBuildConfiguration;
			buildSettings = {
				BUNDLE_LOADER = "$(TEST_HOST)";
				GENERATE_INFOPLIST_FILE = YES;
				LD_RUNPATH_SEARCH_PATHS = (
					"$(inherited)",
					"@executable_path/Frameworks",
					"@loader_path/Frameworks",
				);
				PRODUCT_BUNDLE_IDENTIFIER = com.longweiwang.makeyourios.tests;
				SDKROOT = iphoneos;
				TARGETED_DEVICE_FAMILY = "1,2";
				TEST_HOST = "$(BUILT_PRODUCTS_DIR)/MakeYourIOS.app/MakeYourIOS";
			};
			name = Debug;
		};
		38116F4815A6FE1E2C292F0B /* Release */ = {
			isa = XCBuildConfiguration;
			buildSettings = {
				ASSETCATALOG_COMPILER_APPICON_NAME = AppIcon;
				CODE_SIGN_IDENTITY = "iPhone Developer";
				GENERATE_INFOPLIST_FILE = YES;
				INFOPLIST_KEY_CFBundleDisplayName = MakeYour;
				INFOPLIST_KEY_ITSAppUsesNonExemptEncryption = NO;
				INFOPLIST_KEY_LSApplicationCategoryType = "public.app-category.productivity";
				INFOPLIST_KEY_NSCalendarsWriteOnlyAccessUsageDescription = "MakeYour adds a calendar event only after you review it and tap Add Event.";
				INFOPLIST_KEY_NSCameraUsageDescription = "MakeYour uses the camera only when a tiny app asks you to take a photo or scan a code.";
				INFOPLIST_KEY_NSContactsUsageDescription = "MakeYour shows Apple’s contact picker only when a tiny app asks you to choose a contact.";
				INFOPLIST_KEY_NSLocationWhenInUseUsageDescription = "MakeYour requests one current location only when you tap a tiny app location component.";
				INFOPLIST_KEY_NSMotionUsageDescription = "MakeYour reads today’s step count only when you tap a tiny app pedometer component.";
				INFOPLIST_KEY_UIApplicationSupportsIndirectInputEvents = YES;
				INFOPLIST_KEY_UILaunchScreen_Generation = YES;
				LD_RUNPATH_SEARCH_PATHS = (
					"$(inherited)",
					"@executable_path/Frameworks",
				);
				PRODUCT_BUNDLE_IDENTIFIER = com.longweiwang.makeyourios;
				SDKROOT = iphoneos;
				SUPPORTS_MACCATALYST = NO;
				TARGETED_DEVICE_FAMILY = 1;
			};
			name = Release;
		};
		4DE1F67BF06DCD8C0982E12E /* Release */ = {
			isa = XCBuildConfiguration;
			buildSettings = {
				BUNDLE_LOADER = "$(TEST_HOST)";
				GENERATE_INFOPLIST_FILE = YES;
				LD_RUNPATH_SEARCH_PATHS = (
					"$(inherited)",
					"@executable_path/Frameworks",
					"@loader_path/Frameworks",
				);
				PRODUCT_BUNDLE_IDENTIFIER = com.longweiwang.makeyourios.tests;
				SDKROOT = iphoneos;
				TARGETED_DEVICE_FAMILY = "1,2";
				TEST_HOST = "$(BUILT_PRODUCTS_DIR)/MakeYourIOS.app/MakeYourIOS";
			};
			name = Release;
		};
		77EF4CD156FE87414A3D3A50 /* Debug */ = {
			isa = XCBuildConfiguration;
			buildSettings = {
				BUNDLE_LOADER = "$(TEST_HOST)";
				GENERATE_INFOPLIST_FILE = YES;
				LD_RUNPATH_SEARCH_PATHS = (
					"$(inherited)",
					"@executable_path/Frameworks",
					"@loader_path/Frameworks",
				);
				PRODUCT_BUNDLE_IDENTIFIER = com.longweiwang.makeyourios.uitests;
				SDKROOT = iphoneos;
				TARGETED_DEVICE_FAMILY = "1,2";
				TEST_TARGET_NAME = MakeYourIOS;
			};
			name = Debug;
		};
		7AD5B69AA28AA7BFDCB6F472 /* Debug */ = {
			isa = XCBuildConfiguration;
			buildSettings = {
				ASSETCATALOG_COMPILER_APPICON_NAME = AppIcon;
				CODE_SIGN_IDENTITY = "iPhone Developer";
				GENERATE_INFOPLIST_FILE = YES;
				INFOPLIST_KEY_CFBundleDisplayName = MakeYour;
				INFOPLIST_KEY_ITSAppUsesNonExemptEncryption = NO;
				INFOPLIST_KEY_LSApplicationCategoryType = "public.app-category.productivity";
				INFOPLIST_KEY_NSCalendarsWriteOnlyAccessUsageDescription = "MakeYour adds a calendar event only after you review it and tap Add Event.";
				INFOPLIST_KEY_NSCameraUsageDescription = "MakeYour uses the camera only when a tiny app asks you to take a photo or scan a code.";
				INFOPLIST_KEY_NSContactsUsageDescription = "MakeYour shows Apple’s contact picker only when a tiny app asks you to choose a contact.";
				INFOPLIST_KEY_NSLocationWhenInUseUsageDescription = "MakeYour requests one current location only when you tap a tiny app location component.";
				INFOPLIST_KEY_NSMotionUsageDescription = "MakeYour reads today’s step count only when you tap a tiny app pedometer component.";
				INFOPLIST_KEY_UIApplicationSupportsIndirectInputEvents = YES;
				INFOPLIST_KEY_UILaunchScreen_Generation = YES;
				LD_RUNPATH_SEARCH_PATHS = (
					"$(inherited)",
					"@executable_path/Frameworks",
				);
				PRODUCT_BUNDLE_IDENTIFIER = com.longweiwang.makeyourios;
				SDKROOT = iphoneos;
				SUPPORTS_MACCATALYST = NO;
				TARGETED_DEVICE_FAMILY = 1;
			};
			name = Debug;
		};
		BAD239AA4A4BDCFF5E3A3C0F /* Release */ = {
			isa = XCBuildConfiguration;
			buildSettings = {
				BUNDLE_LOADER = "$(TEST_HOST)";
				GENERATE_INFOPLIST_FILE = YES;
				LD_RUNPATH_SEARCH_PATHS = (
					"$(inherited)",
					"@executable_path/Frameworks",
					"@loader_path/Frameworks",
				);
				PRODUCT_BUNDLE_IDENTIFIER = com.longweiwang.makeyourios.uitests;
				SDKROOT = iphoneos;
				TARGETED_DEVICE_FAMILY = "1,2";
				TEST_TARGET_NAME = MakeYourIOS;
			};
			name = Release;
		};
		C2EFF6588EE2F8CC3DF9781A /* Debug */ = {
			isa = XCBuildConfiguration;
			buildSettings = {
				ALWAYS_SEARCH_USER_PATHS = NO;
				ASSETCATALOG_COMPILER_GENERATE_SWIFT_ASSET_SYMBOL_EXTENSIONS = YES;
				CLANG_ANALYZER_NONNULL = YES;
				CLANG_ANALYZER_NUMBER_OBJECT_CONVERSION = YES_AGGRESSIVE;
				CLANG_CXX_LANGUAGE_STANDARD = "gnu++14";
				CLANG_CXX_LIBRARY = "libc++";
				CLANG_ENABLE_MODULES = YES;
				CLANG_ENABLE_OBJC_ARC = YES;
				CLANG_ENABLE_OBJC_WEAK = YES;
				CLANG_WARN_BLOCK_CAPTURE_AUTORELEASING = YES;
				CLANG_WARN_BOOL_CONVERSION = YES;
				CLANG_WARN_COMMA = YES;
				CLANG_WARN_CONSTANT_CONVERSION = YES;
				CLANG_WARN_DEPRECATED_OBJC_IMPLEMENTATIONS = YES;
				CLANG_WARN_DIRECT_OBJC_ISA_USAGE = YES_ERROR;
				CLANG_WARN_DOCUMENTATION_COMMENTS = YES;
				CLANG_WARN_EMPTY_BODY = YES;
				CLANG_WARN_ENUM_CONVERSION = YES;
				CLANG_WARN_INFINITE_RECURSION = YES;
				CLANG_WARN_INT_CONVERSION = YES;
				CLANG_WARN_NON_LITERAL_NULL_CONVERSION = YES;
				CLANG_WARN_OBJC_IMPLICIT_RETAIN_SELF = YES;
				CLANG_WARN_OBJC_LITERAL_CONVERSION = YES;
				CLANG_WARN_OBJC_ROOT_CLASS = YES_ERROR;
				CLANG_WARN_QUOTED_INCLUDE_IN_FRAMEWORK_HEADER = YES;
				CLANG_WARN_RANGE_LOOP_ANALYSIS = YES;
				CLANG_WARN_STRICT_PROTOTYPES = YES;
				CLANG_WARN_SUSPICIOUS_MOVE = YES;
				CLANG_WARN_UNGUARDED_AVAILABILITY = YES_AGGRESSIVE;
				CLANG_WARN_UNREACHABLE_CODE = YES;
				CLANG_WARN__DUPLICATE_METHOD_MATCH = YES;
				CODE_SIGN_STYLE = Automatic;
				COPY_PHASE_STRIP = NO;
				CURRENT_PROJECT_VERSION = 1;
				DEBUG_INFORMATION_FORMAT = dwarf;
				DEVELOPMENT_TEAM = QJX3775S8M;
				ENABLE_STRICT_OBJC_MSGSEND = YES;
				ENABLE_TESTABILITY = YES;
				ENABLE_USER_SCRIPT_SANDBOXING = YES;
				GCC_C_LANGUAGE_STANDARD = gnu11;
				GCC_DYNAMIC_NO_PIC = NO;
				GCC_NO_COMMON_BLOCKS = YES;
				GCC_OPTIMIZATION_LEVEL = 0;
				GCC_PREPROCESSOR_DEFINITIONS = (
					"$(inherited)",
					"DEBUG=1",
				);
				GCC_WARN_64_TO_32_BIT_CONVERSION = YES;
				GCC_WARN_ABOUT_RETURN_TYPE = YES_ERROR;
				GCC_WARN_UNDECLARED_SELECTOR = YES;
				GCC_WARN_UNINITIALIZED_AUTOS = YES_AGGRESSIVE;
				GCC_WARN_UNUSED_FUNCTION = YES;
				GCC_WARN_UNUSED_VARIABLE = YES;
				IPHONEOS_DEPLOYMENT_TARGET = 18.0;
				MARKETING_VERSION = 1.0.0;
				MTL_ENABLE_DEBUG_INFO = INCLUDE_SOURCE;
				MTL_FAST_MATH = YES;
				ONLY_ACTIVE_ARCH = YES;
				PRODUCT_NAME = "$(TARGET_NAME)";
				SDKROOT = iphoneos;
				SWIFT_ACTIVE_COMPILATION_CONDITIONS = DEBUG;
				SWIFT_OPTIMIZATION_LEVEL = "-Onone";
				SWIFT_VERSION = 6.0;
			};
			name = Debug;
		};
/* End XCBuildConfiguration section */

/* Begin XCConfigurationList section */
		79B24B9D3FF10F23ECEF8DC4 /* Build configuration list for PBXNativeTarget "MakeYourIOS" */ = {
			isa = XCConfigurationList;
			buildConfigurations = (
				7AD5B69AA28AA7BFDCB6F472 /* Debug */,
				38116F4815A6FE1E2C292F0B /* Release */,
			);
			defaultConfigurationIsVisible = 0;
			defaultConfigurationName = Debug;
		};
		7F87242C7767CDF414460C5E /* Build configuration list for PBXProject "MakeYourIOS" */ = {
			isa = XCConfigurationList;
			buildConfigurations = (
				C2EFF6588EE2F8CC3DF9781A /* Debug */,
				17FA278FE4FE0BD893BF0DB1 /* Release */,
			);
			defaultConfigurationIsVisible = 0;
			defaultConfigurationName = Debug;
		};
		D4895318BA291C166AACD45C /* Build configuration list for PBXNativeTarget "MakeYourIOSTests" */ = {
			isa = XCConfigurationList;
			buildConfigurations = (
				2A69075250AA32FFA66A8FA7 /* Debug */,
				4DE1F67BF06DCD8C0982E12E /* Release */,
			);
			defaultConfigurationIsVisible = 0;
			defaultConfigurationName = Debug;
		};
		DD19B677A7CC6AAAC8CE3991 /* Build configuration list for PBXNativeTarget "MakeYourIOSUITests" */ = {
			isa = XCConfigurationList;
			buildConfigurations = (
				77EF4CD156FE87414A3D3A50 /* Debug */,
				BAD239AA4A4BDCFF5E3A3C0F /* Release */,
			);
			defaultConfigurationIsVisible = 0;
			defaultConfigurationName = Debug;
		};
/* End XCConfigurationList section */
	};
	rootObject = 5375D3757327FDCBAC83484E /* Project object */;
}
